version = 1
revision = 3
requires-python = ">=3.13"

[[package]]
name = "annotated-types"
version = "0.7.0"
source = { registry = "https://pypi.org/simple" }
sdist = { url = "https://files.pythonhosted.org/packages/ee/67/531ea369ba64dcff5ec9c3402f9f51bf748cec26dde048a2f973a4eea7f5/annotated_types-0.7.0.tar.gz", hash = "sha256:aff07c09a53a08bc8cfccb9c85b05f1aa9a2a6f23728d790723543408344ce89", size = 16081, upload-time = "2024-05-20T21:33:25.928Z" }
wheels = [
    { url = "https://files.pythonhosted.org/packages/78/b6/6307fbef88d9b5ee7421e68d78a9f162e0da4900bc5f5793f6d3d0e34fb8/annotated_types-0.7.0-py3-none-any.whl", hash = "sha256:1f02e8b43a8fbbc3f3e0d4f0f4bfc8131bcb4eebe8849b8e5c773f3a1c582a53", size = 13643, upload-time = "2024-05-20T21:33:24.1Z" },
]

[[package]]
name = "azure-cognitiveservices-speech"
version = "1.48.2"
source = { registry = "https://pypi.org/simple" }
dependencies = [
    { name = "azure-core" },
]
wheels = [
    { url = "https://files.pythonhosted.org/packages/a7/ea/22cd72035b45aa084beadb31799ae4a340b8af31433877c5ad63fcab101d/azure_cognitiveservices_speech-1.48.2-py3-none-macosx_10_14_x86_64.whl", hash = "sha256:62918332eb53e26b71c1d6000bf3e255f7b2b7c8cb327ea2ec7d37181313c885", size = 3272203, upload-time = "2026-02-21T01:19:19.652Z" },
    { url = "https://files.pythonhosted.org/packages/75/e8/b41a8ee2d91259711f75a970b7b8e2ae489ae9c52f3e86495cc4d2d97cb5/azure_cognitiveservices_speech-1.48.2-py3-none-macosx_11_0_arm64.whl", hash = "sha256:47ffaead342a53ffca74c54bd0843a9c4aabdedd385d45742dac0404c551e384", size = 3111281, upload-time = "2026-02-21T01:19:21.664Z" },
    { url = "https://files.pythonhosted.org/packages/69/fd/dd4f637821b5c9a10dd7ab1bfb76082cc93dd9ebc1f551403f5b76fb1194/azure_cognitiveservices_speech-1.48.2-py3-none-manylinux1_x86_64.whl", hash = "sha256:9b03c2a0e36d926f5eb3c4c8588c5b444af257be2b7d801575faafc086a62581", size = 35424714, upload-time = "2026-02-21T01:19:25.639Z" },
    { url = "https://files.pythonhosted.org/packages/75/c1/d4f3cfbe2ada16a38ed72653211506cfa1fbfa4284692b3ed3ff59881777/azure_cognitiveservices_speech-1.48.2-py3-none-manylinux2014_aarch64.whl", hash = "sha256:0f01e5c9326224845031c67812664436da9ba96d19230dfa2f44a4402fbda0e5", size = 35250857, upload-time = "2026-02-21T01:19:30.547Z" },
    { url = "https://files.pythonhosted.org/packages/d2/ce/6dd6fea0662e95d76b41fe80802c1143569ff362b6f0159938a37a7af320/azure_cognitiveservices_speech-1.48.2-py3-none-win_amd64.whl", hash = "sha256:acd2549b3e716968e0cc9e95dc9cd512042129323158a4eeb74dfb740e53c065", size = 2199550, upload-time = "2026-02-21T01:19:33.121Z" },
    { url = "https://files.pythonhosted.org/packages/d9/11/c5e1daa73ce98c535dcf727639cc9400b1f7bff4727e8d97088b5b51849c/azure_cognitiveservices_speech-1.48.2-py3-none-win_arm64.whl", hash = "sha256:a8538e3732a2b157f8379063a6f9ad21c71cb3bcc24e8f2b1ee0c90023ca0d4c", size = 1990065, upload-time = "2026-02-21T01:19:34.305Z" },
]

[[package]]
name = "azure-core"
version = "1.35.0"
source = { registry = "https://pypi.org/simple" }
dependencies = [
    { name = "requests" },
    { name = "six" },
    { name = "typing-extensions" },
]
sdist = { url = "https://files.pythonhosted.org/packages/ce/89/f53968635b1b2e53e4aad2dd641488929fef4ca9dfb0b97927fa7697ddf3/azure_core-1.35.0.tar.gz", hash = "sha256:c0be528489485e9ede59b6971eb63c1eaacf83ef53001bfe3904e475e972be5c", size = 339689, upload-time = "2025-07-03T00:55:23.496Z" }
wheels = [
    { url = "https://files.pythonhosted.org/packages/d4/78/bf94897361fdd650850f0f2e405b2293e2f12808239046232bdedf554301/azure_core-1.35.0-py3-none-any.whl", hash = "sha256:8db78c72868a58f3de8991eb4d22c4d368fae226dac1002998d6c50437e7dad1", size = 210708, upload-time = "2025-07-03T00:55:25.238Z" },
]

[[package]]
name = "certifi"
version = "2025.8.3"
source = { registry = "https://pypi.org/simple" }
sdist = { url = "https://files.pythonhosted.org/packages/dc/67/960ebe6bf230a96cda2e0abcf73af550ec4f090005363542f0765df162e0/certifi-2025.8.3.tar.gz", hash = "sha256:e564105f78ded564e3ae7c923924435e1daa7463faeab5bb932bc53ffae63407", size = 162386, upload-time = "2025-08-03T03:07:47.08Z" }
wheels = [
    { url = "https://files.pythonhosted.org/packages/e5/48/1549795ba7742c948d2ad169c1c8cdbae65bc450d6cd753d124b17c8cd32/certifi-2025.8.3-py3-none-any.whl", hash = "sha256:f6c12493cfb1b06ba2ff328595af9350c65d6644968e5d3a2ffd78699af217a5", size = 161216, upload-time = "2025-08-03T03:07:45.777Z" },
]

[[package]]
name = "charset-normalizer"
version = "3.4.3"
source = { registry = "https://pypi.org/simple" }
sdist = { url = "https://files.pythonhosted.org/packages/83/2d/5fd176ceb9b2fc619e63405525573493ca23441330fcdaee6bef9460e924/charset_normalizer-3.4.3.tar.gz", hash = "sha256:6fce4b8500244f6fcb71465d4a4930d132ba9ab8e71a7859e6a5d59851068d14", size = 122371, upload-time = "2025-08-09T07:57:28.46Z" }
wheels = [
    { url = "https://files.pythonhosted.org/packages/65/ca/2135ac97709b400c7654b4b764daf5c5567c2da45a30cdd20f9eefe2d658/charset_normalizer-3.4.3-cp313-cp313-macosx_10_13_universal2.whl", hash = "sha256:14c2a87c65b351109f6abfc424cab3927b3bdece6f706e4d12faaf3d52ee5efe", size = 205326, upload-time = "2025-08-09T07:56:24.721Z" },
    { url = "https://files.pythonhosted.org/packages/71/11/98a04c3c97dd34e49c7d247083af03645ca3730809a5509443f3c37f7c99/charset_normalizer-3.4.3-cp313-cp313-manylinux2014_aarch64.manylinux_2_17_aarch64.manylinux_2_28_aarch64.whl", hash = "sha256:41d1fc408ff5fdfb910200ec0e74abc40387bccb3252f3f27c0676731df2b2c8", size = 146008, upload-time = "2025-08-09T07:56:26.004Z" },
    { url = "https://files.pythonhosted.org/packages/60/f5/4659a4cb3c4ec146bec80c32d8bb16033752574c20b1252ee842a95d1a1e/charset_normalizer-3.4.3-cp313-cp313-manylinux2014_ppc64le.manylinux_2_17_ppc64le.manylinux_2_28_ppc64le.whl", hash = "sha256:1bb60174149316da1c35fa5233681f7c0f9f514509b8e399ab70fea5f17e45c9", size = 159196, upload-time = "2025-08-09T07:56:27.25Z" },
    { url = "https://files.pythonhosted.org/packages/86/9e/f552f7a00611f168b9a5865a1414179b2c6de8235a4fa40189f6f79a1753/charset_normalizer-3.4.3-cp313-cp313-manylinux2014_s390x.manylinux_2_17_s390x.manylinux_2_28_s390x.whl", hash = "sha256:30d006f98569de3459c2fc1f2acde170b7b2bd265dc1943e87e1a4efe1b67c31", size = 156819, upload-time = "2025-08-09T07:56:28.515Z" },
    { url = "https://files.pythonhosted.org/packages/7e/95/42aa2156235cbc8fa61208aded06ef46111c4d3f0de233107b3f38631803/charset_normalizer-3.4.3-cp313-cp313-manylinux2014_x86_64.manylinux_2_17_x86_64.manylinux_2_28_x86_64.whl", hash = "sha256:416175faf02e4b0810f1f38bcb54682878a4af94059a1cd63b8747244420801f", size = 151350, upload-time = "2025-08-09T07:56:29.716Z" },
    { url = "https://files.pythonhosted.org/packages/c2/a9/3865b02c56f300a6f94fc631ef54f0a8a29da74fb45a773dfd3dcd380af7/charset_normalizer-3.4.3-cp313-cp313-musllinux_1_2_aarch64.whl", hash = "sha256:6aab0f181c486f973bc7262a97f5aca3ee7e1437011ef0c2ec04b5a11d16c927", size = 148644, upload-time = "2025-08-09T07:56:30.984Z" },
    { url = "https://files.pythonhosted.org/packages/77/d9/cbcf1a2a5c7d7856f11e7ac2d782aec12bdfea60d104e60e0aa1c97849dc/charset_normalizer-3.4.3-cp313-cp313-musllinux_1_2_ppc64le.whl", hash = "sha256:fdabf8315679312cfa71302f9bd509ded4f2f263fb5b765cf1433b39106c3cc9", size = 160468, upload-time = "2025-08-09T07:56:32.252Z" },
    { url = "https://files.pythonhosted.org/packages/f6/42/6f45efee8697b89fda4d50580f292b8f7f9306cb2971d4b53f8914e4d890/charset_normalizer-3.4.3-cp313-cp313-musllinux_1_2_s390x.whl", hash = "sha256:bd28b817ea8c70215401f657edef3a8aa83c29d447fb0b622c35403780ba11d5", size = 158187, upload-time = "2025-08-09T07:56:33.481Z" },
    { url = "https://files.pythonhosted.org/packages/70/99/f1c3bdcfaa9c45b3ce96f70b14f070411366fa19549c1d4832c935d8e2c3/charset_normalizer-3.4.3-cp313-cp313-musllinux_1_2_x86_64.whl", hash = "sha256:18343b2d246dc6761a249ba1fb13f9ee9a2bcd95decc767319506056ea4ad4dc", size = 152699, upload-time = "2025-08-09T07:56:34.739Z" },
    { url = "https://files.pythonhosted.org/packages/a3/ad/b0081f2f99a4b194bcbb1934ef3b12aa4d9702ced80a37026b7607c72e58/charset_normalizer-3.4.3-cp313-cp313-win32.whl", hash = "sha256:6fb70de56f1859a3f71261cbe41005f56a7842cc348d3aeb26237560bfa5e0ce", size = 99580, upload-time = "2025-08-09T07:56:35.981Z" },
    { url = "https://files.pythonhosted.org/packages/9a/8f/ae790790c7b64f925e5c953b924aaa42a243fb778fed9e41f147b2a5715a/charset_normalizer-3.4.3-cp313-cp313-win_amd64.whl", hash = "sha256:cf1ebb7d78e1ad8ec2a8c4732c7be2e736f6e5123a4146c5b89c9d1f585f8cef", size = 107366, upload-time = "2025-08-09T07:56:37.339Z" },
    { url = "https://files.pythonhosted.org/packages/8e/91/b5a06ad970ddc7a0e513112d40113e834638f4ca1120eb727a249fb2715e/charset_normalizer-3.4.3-cp314-cp314-macosx_10_13_universal2.whl", hash = "sha256:3cd35b7e8aedeb9e34c41385fda4f73ba609e561faedfae0a9e75e44ac558a15", size = 204342, upload-time = "2025-08-09T07:56:38.687Z" },
    { url = "https://files.pythonhosted.org/packages/ce/ec/1edc30a377f0a02689342f214455c3f6c2fbedd896a1d2f856c002fc3062/charset_normalizer-3.4.3-cp314-cp314-manylinux2014_aarch64.manylinux_2_17_aarch64.manylinux_2_28_aarch64.whl", hash = "sha256:b89bc04de1d83006373429975f8ef9e7932534b8cc9ca582e4db7d20d91816db", size = 145995, upload-time = "2025-08-09T07:56:40.048Z" },
    { url = "https://files.pythonhosted.org/packages/17/e5/5e67ab85e6d22b04641acb5399c8684f4d37caf7558a53859f0283a650e9/charset_normalizer-3.4.3-cp314-cp314-manylinux2014_ppc64le.manylinux_2_17_ppc64le.manylinux_2_28_ppc64le.whl", hash = "sha256:2001a39612b241dae17b4687898843f254f8748b796a2e16f1051a17078d991d", size = 158640, upload-time = "2025-08-09T07:56:41.311Z" },
    { url = "https://files.pythonhosted.org/packages/f1/e5/38421987f6c697ee3722981289d554957c4be652f963d71c5e46a262e135/charset_normalizer-3.4.3-cp314-cp314-manylinux2014_s390x.manylinux_2_17_s390x.manylinux_2_28_s390x.whl", hash = "sha256:8dcfc373f888e4fb39a7bc57e93e3b845e7f462dacc008d9749568b1c4ece096", size = 156636, upload-time = "2025-08-09T07:56:43.195Z" },
    { url = "https://files.pythonhosted.org/packages/a0/e4/5a075de8daa3ec0745a9a3b54467e0c2967daaaf2cec04c845f73493e9a1/charset_normalizer-3.4.3-cp314-cp314-manylinux2014_x86_64.manylinux_2_17_x86_64.manylinux_2_28_x86_64.whl", hash = "sha256:18b97b8404387b96cdbd30ad660f6407799126d26a39ca65729162fd810a99aa", size = 150939, upload-time = "2025-08-09T07:56:44.819Z" },
    { url = "https://files.pythonhosted.org/packages/02/f7/3611b32318b30974131db62b4043f335861d4d9b49adc6d57c1149cc49d4/charset_normalizer-3.4.3-cp314-cp314-musllinux_1_2_aarch64.whl", hash = "sha256:ccf600859c183d70eb47e05a44cd80a4ce77394d1ac0f79dbd2dd90a69a3a049", size = 148580, upload-time = "2025-08-09T07:56:46.684Z" },
    { url = "https://files.pythonhosted.org/packages/7e/61/19b36f4bd67f2793ab6a99b979b4e4f3d8fc754cbdffb805335df4337126/charset_normalizer-3.4.3-cp314-cp314-musllinux_1_2_ppc64le.whl", hash = "sha256:53cd68b185d98dde4ad8990e56a58dea83a4162161b1ea9272e5c9182ce415e0", size = 159870, upload-time = "2025-08-09T07:56:47.941Z" },
    { url = "https://files.pythonhosted.org/packages/06/57/84722eefdd338c04cf3030ada66889298eaedf3e7a30a624201e0cbe424a/charset_normalizer-3.4.3-cp314-cp314-musllinux_1_2_s390x.whl", hash = "sha256:30a96e1e1f865f78b030d65241c1ee850cdf422d869e9028e2fc1d5e4db73b92", size = 157797, upload-time = "2025-08-09T07:56:49.756Z" },
    { url = "https://files.pythonhosted.org/packages/72/2a/aff5dd112b2f14bcc3462c312dce5445806bfc8ab3a7328555da95330e4b/charset_normalizer-3.4.3-cp314-cp314-musllinux_1_2_x86_64.whl", hash = "sha256:d716a916938e03231e86e43782ca7878fb602a125a91e7acb8b5112e2e96ac16", size = 152224, upload-time = "2025-08-09T07:56:51.369Z" },
    { url = "https://files.pythonhosted.org/packages/b7/8c/9839225320046ed279c6e839d51f028342eb77c91c89b8ef2549f951f3ec/charset_normalizer-3.4.3-cp314-cp314-win32.whl", hash = "sha256:c6dbd0ccdda3a2ba7c2ecd9d77b37f3b5831687d8dc1b6ca5f56a4880cc7b7ce", size = 100086, upload-time = "2025-08-09T07:56:52.722Z" },
    { url = "https://files.pythonhosted.org/packages/ee/7a/36fbcf646e41f710ce0a563c1c9a343c6edf9be80786edeb15b6f62e17db/charset_normalizer-3.4.3-cp314-cp314-win_amd64.whl", hash = "sha256:73dc19b562516fc9bcf6e5d6e596df0b4eb98d87e4f79f3ae71840e6ed21361c", size = 107400, upload-time = "2025-08-09T07:56:55.172Z" },
    { url = "https://files.pythonhosted.org/packages/8a/1f/f041989e93b001bc4e44bb1669ccdcf54d3f00e628229a85b08d330615c5/charset_normalizer-3.4.3-py3-none-any.whl", hash = "sha256:ce571ab16d890d23b5c278547ba694193a45011ff86a9162a71307ed9f86759a", size = 53175, upload-time = "2025-08-09T07:57:26.864Z" },
]

[[package]]
name = "colorama"
version = "0.4.6"
source = { registry = "https://pypi.org/simple" }
sdist = { url = "https://files.pythonhosted.org/packages/d8/53/6f443c9a4a8358a93a6792e2acffb9d9d5cb0a5cfd8802644b7b1c9a02e4/colorama-0.4.6.tar.gz", hash = "sha256:08695f5cb7ed6e0531a20572697297273c47b8cae5a63ffc6d6ed5c201be6e44", size = 27697, upload-time = "2022-10-25T02:36:22.414Z" }
wheels = [
    { url = "https://files.pythonhosted.org/packages/d1/d6/3965ed04c63042e047cb6a3e6ed1a63a35087b6a609aa3a15ed8ac56c221/colorama-0.4.6-py2.py3-none-any.whl", hash = "sha256:4f1d9991f5acc0ca119f9d443620b77f9d6b33703e51011c16baf57afb285fc6", size = 25335, upload-time = "2022-10-25T02:36:20.889Z" },
]

[[package]]
name = "idna"
version = "3.10"
source = { registry = "https://pypi.org/simple" }
sdist = { url = "https://files.pythonhosted.org/packages/f1/70/7703c29685631f5a7590aa73f1f1d3fa9a380e654b86af429e0934a32f7d/idna-3.10.tar.gz", hash = "sha256:12f65c9b470abda6dc35cf8e63cc574b1c52b11df2c86030af0ac09b01b13ea9", size = 190490, upload-time = "2024-09-15T18:07:39.745Z" }
wheels = [
    { url = "https://files.pythonhosted.org/packages/76/c6/c88e154df9c4e1a2a66ccf0005a88dfb2650c1dffb6f5ce603dfbd452ce3/idna-3.10-py3-none-any.whl", hash = "sha256:946d195a0d259cbba61165e88e65941f16e9b36ea6ddb97f00452bae8b1287d3", size = 70442, upload-time = "2024-09-15T18:07:37.964Z" },
]

[[package]]
name = "iniconfig"
version = "2.1.0"
source = { registry = "https://pypi.org/simple" }
sdist = { url = "https://files.pythonhosted.org/packages/f2/97/ebf4da567aa6827c909642694d71c9fcf53e5b504f2d96afea02718862f3/iniconfig-2.1.0.tar.gz", hash = "sha256:3abbd2e30b36733fee78f9c7f7308f2d0050e88f0087fd25c2645f63c773e1c7", size = 4793, upload-time = "2025-03-19T20:09:59.721Z" }
wheels = [
    { url = "https://files.pythonhosted.org/packages/2c/e1/e6716421ea10d38022b952c159d5161ca1193197fb744506875fbb87ea7b/iniconfig-2.1.0-py3-none-any.whl", hash = "sha256:9deba5723312380e77435581c6bf4935c94cbfab9b1ed33ef8d238ea168eb760", size = 6050, upload-time = "2025-03-19T20:10:01.071Z" },
]

[[package]]
name = "packaging"
version = "25.0"
source = { registry = "https://pypi.org/simple" }
sdist = { url = "https://files.pythonhosted.org/packages/a1/d4/1fc4078c65507b51b96ca8f8c3ba19e6a61c8253c72794544580a7b6c24d/packaging-25.0.tar.gz", hash = "sha256:d443872c98d677bf60f6a1f2f8c1cb748e8fe762d2bf9d3148b5599295b0fc4f", size = 165727, upload-time = "2025-04-19T11:48:59.673Z" }
wheels = [
    { url = "https://files.pythonhosted.org/packages/20/12/38679034af332785aac8774540895e234f4d07f7545804097de4b666afd8/packaging-25.0-py3-none-any.whl", hash = "sha256:29572ef2b1f17581046b3a2227d5c611fb25ec70ca1ba8554b24b0e69331a484", size = 66469, upload-time = "2025-04-19T11:48:57.875Z" },
]

[[package]]
name = "pluggy"
version = "1.6.0"
source = { registry = "https://pypi.org/simple" }
sdist = { url = "https://files.pythonhosted.org/packages/f9/e2/3e91f31a7d2b083fe6ef3fa267035b518369d9511ffab804f839851d2779/pluggy-1.6.0.tar.gz", hash = "sha256:7dcc130b76258d33b90f61b658791dede3486c3e6bfb003ee5c9bfb396dd22f3", size = 69412, upload-time = "2025-05-15T12:30:07.975Z" }
wheels = [
    { url = "https://files.pythonhosted.org/packages/54/20/4d324d65cc6d9205fabedc306948156824eb9f0ee1633355a8f7ec5c66bf/pluggy-1.6.0-py3-none-any.whl", hash = "sha256:e920276dd6813095e9377c0bc5566d94c932c33b27a3e3945d8389c374dd4746", size = 20538, upload-time = "2025-05-15T12:30:06.134Z" },
]

[[package]]
name = "pydantic"
version = "2.13.1"
source = { registry = "https://pypi.org/simple" }
dependencies = [
    { name = "annotated-types" },
    { name = "pydantic-core" },
    { name = "typing-extensions" },
    { name = "typing-inspection" },
]
sdist = { url = "https://files.pythonhosted.org/packages/f3/6b/1353beb3d1cd5cf61cdec5b6f87a9872399de3bc5cae0b7ce07ff4de2ab0/pydantic-2.13.1.tar.gz", hash = "sha256:a0f829b279ddd1e39291133fe2539d2aa46cc6b150c1706a270ff0879e3774d2", size = 843746, upload-time = "2026-04-15T14:57:19.398Z" }
wheels = [
    { url = "https://files.pythonhosted.org/packages/81/5a/2225f4c176dbfed0d809e848b50ef08f70e61daa667b7fa14b0d311ae44d/pydantic-2.13.1-py3-none-any.whl", hash = "sha256:9557ecc2806faaf6037f85b1fbd963d01e30511c48085f0d573650fdeaad378a", size = 471917, upload-time = "2026-04-15T14:57:17.277Z" },
]

[[package]]
name = "pydantic-core"
version = "2.46.1"
source = { registry = "https://pypi.org/simple" }
dependencies = [
    { name = "typing-extensions" },
]
sdist = { url = "https://files.pythonhosted.org/packages/a1/93/f97a86a7eb28faa1d038af2fd5d6166418b4433659108a4c311b57128b2d/pydantic_core-2.46.1.tar.gz", hash = "sha256:d408153772d9f298098fb5d620f045bdf0f017af0d5cb6e309ef8c205540caa4", size = 471230, upload-time = "2026-04-15T14:49:34.52Z" }
wheels = [
    { url = "https://files.pythonhosted.org/packages/ff/d2/bda39bad2f426cb5078e6ad28076614d3926704196efe0d7a2a19a99025d/pydantic_core-2.46.1-cp313-cp313-macosx_10_12_x86_64.whl", hash = "sha256:cdc8a5762a9c4b9d86e204d555444e3227507c92daba06259ee66595834de47a", size = 2119092, upload-time = "2026-04-15T14:49:50.392Z" },
    { url = "https://files.pythonhosted.org/packages/ee/f3/69631e64d69cb3481494b2bddefe0ddd07771209f74e9106d066f9138c2a/pydantic_core-2.46.1-cp313-cp313-macosx_11_0_arm64.whl", hash = "sha256:ba381dfe9c85692c566ecb60fa5a77a697a2a8eebe274ec5e4d6ec15fafad799", size = 1951400, upload-time = "2026-04-15T14:51:06.588Z" },
    { url = "https://files.pythonhosted.org/packages/53/1c/21cb3db6ae997df31be8e91f213081f72ffa641cb45c89b8a1986832b1f9/pydantic_core-2.46.1-cp313-cp313-manylinux_2_17_aarch64.manylinux2014_aarch64.whl", hash = "sha256:1593d8de98207466dc070118322fef68307a0cc6a5625e7b386f6fdae57f9ab6", size = 1976864, upload-time = "2026-04-15T14:50:54.804Z" },
    { url = "https://files.pythonhosted.org/packages/91/9c/05c819f734318ce5a6ca24da300d93696c105af4adb90494ee571303afd8/pydantic_core-2.46.1-cp313-cp313-manylinux_2_17_armv7l.manylinux2014_armv7l.whl", hash = "sha256:8262c74a1af5b0fdf795f5537f7145785a63f9fbf9e15405f547440c30017ed8", size = 2066669, upload-time = "2026-04-15T14:51:42.346Z" },
    { url = "https://files.pythonhosted.org/packages/cb/23/fadddf1c7f2f517f58731aea9b35c914e6005250f08dac9b8e53904cdbaa/pydantic_core-2.46.1-cp313-cp313-manylinux_2_17_ppc64le.manylinux2014_ppc64le.whl", hash = "sha256:4b88949a24182e83fbbb3f7ca9b7858d0d37b735700ea91081434b7d37b3b444", size = 2238737, upload-time = "2026-04-15T14:50:45.558Z" },
    { url = "https://files.pythonhosted.org/packages/23/07/0cd4f95cb0359c8b1ec71e89c3777e7932c8dfeb9cd54740289f310aaead/pydantic_core-2.46.1-cp313-cp313-manylinux_2_17_s390x.manylinux2014_s390x.whl", hash = "sha256:b8f3708cd55537aeaf3fd0ea55df0d68d0da51dcb07cbc8508745b34acc4c6e0", size = 2316258, upload-time = "2026-04-15T14:51:08.471Z" },
    { url = "https://files.pythonhosted.org/packages/0c/40/6fc24c3766a19c222a0d60d652b78f0283339d4cd4c173fab06b7ee76571/pydantic_core-2.46.1-cp313-cp313-manylinux_2_17_x86_64.manylinux2014_x86_64.whl", hash = "sha256:f79292435fff1d4f0c18d9cfaf214025cc88e4f5104bfaed53f173621da1c743", size = 2097474, upload-time = "2026-04-15T14:49:56.543Z" },
    { url = "https://files.pythonhosted.org/packages/4b/af/f39795d1ce549e35d0841382b9c616ae211caffb88863147369a8d74fba9/pydantic_core-2.46.1-cp313-cp313-manylinux_2_31_riscv64.whl", hash = "sha256:a2e607aeb59cf4575bb364470288db3b9a1f0e7415d053a322e3e154c1a0802e", size = 2168383, upload-time = "2026-04-15T14:51:29.269Z" },
    { url = "https://files.pythonhosted.org/packages/e6/32/0d563f74582795779df6cc270c3fc220f49f4daf7860d74a5a6cda8491ff/pydantic_core-2.46.1-cp313-cp313-manylinux_2_5_i686.manylinux1_i686.whl", hash = "sha256:ec5ca190b75878a9f6ae1fc8f5eb678497934475aef3d93204c9fa01e97370b6", size = 2186182, upload-time = "2026-04-15T14:50:19.097Z" },
    { url = "https://files.pythonhosted.org/packages/5c/07/1c10d5ce312fc4cf86d1e50bdcdbb8ef248409597b099cab1b4bb3a093f7/pydantic_core-2.46.1-cp313-cp313-musllinux_1_1_aarch64.whl", hash = "sha256:1f80535259dcdd517d7b8ca588d5ca24b4f337228e583bebedf7a3adcdf5f721", size = 2187859, upload-time = "2026-04-15T14:49:22.974Z" },
    { url = "https://files.pythonhosted.org/packages/92/01/e1f62d4cb39f0913dbf5c95b9b119ef30ddba9493dff8c2b012f0cdd67dc/pydantic_core-2.46.1-cp313-cp313-musllinux_1_1_armv7l.whl", hash = "sha256:24820b3c82c43df61eca30147e42853e6c127d8b868afdc0c162df829e011eb4", size = 2338372, upload-time = "2026-04-15T14:49:53.316Z" },
    { url = "https://files.pythonhosted.org/packages/44/ed/218dfeea6127fb1781a6ceca241ec6edf00e8a8933ff331af2215975a534/pydantic_core-2.46.1-cp313-cp313-musllinux_1_1_x86_64.whl", hash = "sha256:f12794b1dd8ac9fb66619e0b3a0427189f5d5638e55a3de1385121a9b7bf9b39", size = 2384039, upload-time = "2026-04-15T14:53:04.929Z" },
    { url = "https://files.pythonhosted.org/packages/6c/1e/011e763cd059238249fbd5780e0f8d0b04b47f86c8925e22784f3e5fc977/pydantic_core-2.46.1-cp313-cp313-win32.whl", hash = "sha256:9bc09aed935cdf50f09e908923f9efbcca54e9244bd14a5a0e2a6c8d2c21b4e9", size = 1977943, upload-time = "2026-04-15T14:52:17.969Z" },
    { url = "https://files.pythonhosted.org/packages/8c/06/b559a490d3ed106e9b1777b8d5c8112dd8d31716243cd662616f66c1f8ea/pydantic_core-2.46.1-cp313-cp313-win_amd64.whl", hash = "sha256:fac2d6c8615b8b42bee14677861ba09d56ee076ba4a65cfb9c3c3d0cc89042f2", size = 2068729, upload-time = "2026-04-15T14:53:07.288Z" },
    { url = "https://files.pythonhosted.org/packages/9f/52/32a198946e2e19508532aa9da02a61419eb15bd2d96bab57f810f2713e31/pydantic_core-2.46.1-cp313-cp313-win_arm64.whl", hash = "sha256:f978329f12ace9f3cb814a5e44d98bbeced2e36f633132bafa06d2d71332e33e", size = 2029550, upload-time = "2026-04-15T14:52:22.707Z" },
    { url = "https://files.pythonhosted.org/packages/bd/2b/6793fe89ab66cb2d3d6e5768044eab80bba1d0fae8fd904d0a1574712e17/pydantic_core-2.46.1-cp314-cp314-macosx_10_12_x86_64.whl", hash = "sha256:9917cb61effac7ec0f448ef491ec7584526d2193be84ff981e85cbf18b68c42a", size = 2118110, upload-time = "2026-04-15T14:50:52.947Z" },
    { url = "https://files.pythonhosted.org/packages/d2/87/e9a905ddfcc2fd7bd862b340c02be6ab1f827922822d425513635d0ac774/pydantic_core-2.46.1-cp314-cp314-macosx_11_0_arm64.whl", hash = "sha256:0e749679ca9f8a9d0bff95fb7f6b57bb53f2207fa42ffcc1ec86de7e0029ab89", size = 1948645, upload-time = "2026-04-15T14:51:55.577Z" },
    { url = "https://files.pythonhosted.org/packages/15/23/26e67f86ed62ac9d6f7f3091ee5220bf14b5ac36fb811851d601365ef896/pydantic_core-2.46.1-cp314-cp314-manylinux_2_17_aarch64.manylinux2014_aarch64.whl", hash = "sha256:f2ecacee70941e233a2dad23f7796a06f86cc10cc2fbd1c97c7dd5b5a79ffa4f", size = 1977576, upload-time = "2026-04-15T14:49:37.58Z" },
    { url = "https://files.pythonhosted.org/packages/b8/78/813c13c0de323d4de54ee2e6fdd69a0271c09ac8dd65a8a000931aa487a5/pydantic_core-2.46.1-cp314-cp314-manylinux_2_17_armv7l.manylinux2014_armv7l.whl", hash = "sha256:647d0a2475b8ed471962eed92fa69145b864942f9c6daa10f95ac70676637ae7", size = 2060358, upload-time = "2026-04-15T14:51:40.087Z" },
    { url = "https://files.pythonhosted.org/packages/09/5e/4caf2a15149271fbd2b4d968899a450853c800b85152abcf54b11531417f/pydantic_core-2.46.1-cp314-cp314-manylinux_2_17_ppc64le.manylinux2014_ppc64le.whl", hash = "sha256:ac9cde61965b0697fce6e6cc372df9e1ad93734828aac36e9c1c42a22ad02897", size = 2235980, upload-time = "2026-04-15T14:50:34.535Z" },
    { url = "https://files.pythonhosted.org/packages/c2/c1/a2cdabb5da6f5cb63a3558bcafffc20f790fa14ccffbefbfb1370fadc93f/pydantic_core-2.46.1-cp314-cp314-manylinux_2_17_s390x.manylinux2014_s390x.whl", hash = "sha256:0a2eb0864085f8b641fb3f54a2fb35c58aff24b175b80bc8a945050fcde03204", size = 2316800, upload-time = "2026-04-15T14:52:46.999Z" },
    { url = "https://files.pythonhosted.org/packages/76/fd/19d711e4e9331f9d77f222bffc202bf30ea0d74f6419046376bb82f244c8/pydantic_core-2.46.1-cp314-cp314-manylinux_2_17_x86_64.manylinux2014_x86_64.whl", hash = "sha256:b83ce9fede4bc4fb649281d9857f06d30198b8f70168f18b987518d713111572", size = 2101762, upload-time = "2026-04-15T14:49:24.278Z" },
    { url = "https://files.pythonhosted.org/packages/dc/64/ce95625448e1a4e219390a2923fd594f3fa368599c6b42ac71a5df7238c9/pydantic_core-2.46.1-cp314-cp314-manylinux_2_31_riscv64.whl", hash = "sha256:cb33192753c60f269d2f4a1db8253c95b0df6e04f2989631a8cc1b0f4f6e2e92", size = 2167737, upload-time = "2026-04-15T14:50:41.637Z" },
    { url = "https://files.pythonhosted.org/packages/ad/31/413572d03ca3e73b408f00f54418b91a8be6401451bc791eaeff210328e5/pydantic_core-2.46.1-cp314-cp314-manylinux_2_5_i686.manylinux1_i686.whl", hash = "sha256:96611d51f953f87e1ae97637c01ee596a08b7f494ea00a5afb67ea6547b9f53b", size = 2185658, upload-time = "2026-04-15T14:51:46.799Z" },
    { url = "https://files.pythonhosted.org/packages/36/09/e4f581353bdf3f0c7de8a8b27afd14fc761da29d78146376315a6fedc487/pydantic_core-2.46.1-cp314-cp314-musllinux_1_1_aarch64.whl", hash = "sha256:9b176fa55f9107db5e6c86099aa5bfd934f1d3ba6a8b43f714ddeebaed3f42b7", size = 2184154, upload-time = "2026-04-15T14:52:49.629Z" },
    { url = "https://files.pythonhosted.org/packages/1a/a4/d0d52849933f5a4bf1ad9d8da612792f96469b37e286a269e3ee9c60bbb1/pydantic_core-2.46.1-cp314-cp314-musllinux_1_1_armv7l.whl", hash = "sha256:79a59f63a4ce4f3330e27e6f3ce281dd1099453b637350e97d7cf24c207cd120", size = 2332379, upload-time = "2026-04-15T14:49:55.009Z" },
    { url = "https://files.pythonhosted.org/packages/30/93/25bfb08fdbef419f73290e573899ce938a327628c34e8f3a4bafeea30126/pydantic_core-2.46.1-cp314-cp314-musllinux_1_1_x86_64.whl", hash = "sha256:f200fce071808a385a314b7343f5e3688d7c45746be3d64dc71ee2d3e2a13268", size = 2377964, upload-time = "2026-04-15T14:51:59.649Z" },
    { url = "https://files.pythonhosted.org/packages/15/36/b777766ff83fef1cf97473d64764cd44f38e0d8c269ed06faace9ae17666/pydantic_core-2.46.1-cp314-cp314-win32.whl", hash = "sha256:3a07eccc0559fb9acc26d55b16bf8ebecd7f237c74a9e2c5741367db4e6d8aff", size = 1976450, upload-time = "2026-04-15T14:51:57.665Z" },
    { url = "https://files.pythonhosted.org/packages/7b/4b/4cd19d2437acfc18ca166db5a2067040334991eb862c4ecf2db098c91fbf/pydantic_core-2.46.1-cp314-cp314-win_amd64.whl", hash = "sha256:1706d270309ac7d071ffe393988c471363705feb3d009186e55d17786ada9622", size = 2067750, upload-time = "2026-04-15T14:49:38.941Z" },
    { url = "https://files.pythonhosted.org/packages/7f/a0/490751c0ef8f5b27aae81731859aed1508e72c1a9b5774c6034269db773b/pydantic_core-2.46.1-cp314-cp314-win_arm64.whl", hash = "sha256:22d4e7457ade8af06528012f382bc994a97cc2ce6e119305a70b3deff1e409d6", size = 2021109, upload-time = "2026-04-15T14:50:27.728Z" },
    { url = "https://files.pythonhosted.org/packages/36/3a/2a018968245fffd25d5f1972714121ad309ff2de19d80019ad93494844f9/pydantic_core-2.46.1-cp314-cp314t-macosx_10_12_x86_64.whl", hash = "sha256:607ff9db0b7e2012e7eef78465e69f9a0d7d1c3e7c6a84cf0c4011db0fcc3feb", size = 2111548, upload-time = "2026-04-15T14:52:08.273Z" },
    { url = "https://files.pythonhosted.org/packages/77/5b/4103b6192213217e874e764e5467d2ff10d8873c1147d01fa432ac281880/pydantic_core-2.46.1-cp314-cp314t-macosx_11_0_arm64.whl", hash = "sha256:8cda3eacaea13bd02a1bea7e457cc9fc30b91c5a91245cef9b215140f80dd78c", size = 1926745, upload-time = "2026-04-15T14:50:03.045Z" },
    { url = "https://files.pythonhosted.org/packages/c3/70/602a667cf4be4bec6c3334512b12ae4ea79ce9bfe41dc51be1fd34434453/pydantic_core-2.46.1-cp314-cp314t-manylinux_2_17_aarch64.manylinux2014_aarch64.whl", hash = "sha256:b9493279cdc7997fe19e5ed9b41f30cbc3806bd4722adb402fedb6f6d41bd72a", size = 1965922, upload-time = "2026-04-15T14:51:12.555Z" },
    { url = "https://files.pythonhosted.org/packages/a9/24/06a89ce5323e755b7d2812189f9706b87aaebe49b34d247b380502f7992c/pydantic_core-2.46.1-cp314-cp314t-manylinux_2_17_armv7l.manylinux2014_armv7l.whl", hash = "sha256:3644e5e10059999202355b6c6616e624909e23773717d8f76deb8a6e2a72328c", size = 2043221, upload-time = "2026-04-15T14:51:18.995Z" },
    { url = "https://files.pythonhosted.org/packages/2c/6e/b1d9ad907d9d76964903903349fd2e33c87db4b993cc44713edcad0fc488/pydantic_core-2.46.1-cp314-cp314t-manylinux_2_17_ppc64le.manylinux2014_ppc64le.whl", hash = "sha256:4ad6c9de57683e26c92730991960c0c3571b8053263b042de2d3e105930b2767", size = 2243655, upload-time = "2026-04-15T14:50:10.718Z" },
    { url = "https://files.pythonhosted.org/packages/ef/73/787abfaad51174641abb04c8aa125322279b40ad7ce23c495f5a69f76554/pydantic_core-2.46.1-cp314-cp314t-manylinux_2_17_s390x.manylinux2014_s390x.whl", hash = "sha256:557ebaa27c7617e7088002318c679a8ce685fa048523417cd1ca52b7f516d955", size = 2295976, upload-time = "2026-04-15T14:53:09.694Z" },
    { url = "https://files.pythonhosted.org/packages/56/0b/b7c5a631b6d5153d4a1ea4923b139aea256dc3bd99c8e6c7b312c7733146/pydantic_core-2.46.1-cp314-cp314t-manylinux_2_17_x86_64.manylinux2014_x86_64.whl", hash = "sha256:3cd37e39b22b796ba0298fe81e9421dd7b65f97acfbb0fb19b33ffdda7b9a7b4", size = 2103439, upload-time = "2026-04-15T14:50:08.32Z" },
    { url = "https://files.pythonhosted.org/packages/2a/3f/952ee470df69e5674cdec1cbde22331adf643b5cc2ff79f4292d80146ee4/pydantic_core-2.46.1-cp314-cp314t-manylinux_2_31_riscv64.whl", hash = "sha256:6689443b59714992e67d62505cdd2f952d6cf1c14cc9fd9aeec6719befc6f23b", size = 2132871, upload-time = "2026-04-15T14:50:24.445Z" },
    { url = "https://files.pythonhosted.org/packages/e3/8b/1dea3b1e683c60c77a60f710215f90f486755962aa8939dbcb7c0f975ac3/pydantic_core-2.46.1-cp314-cp314t-manylinux_2_5_i686.manylinux1_i686.whl", hash = "sha256:6f32c41ca1e3456b5dd691827b7c1433c12d5f0058cc186afbb3615bc07d97b8", size = 2168658, upload-time = "2026-04-15T14:52:24.897Z" },
    { url = "https://files.pythonhosted.org/packages/67/97/32ae283810910d274d5ba9f48f856f5f2f612410b78b249f302d297816f5/pydantic_core-2.46.1-cp314-cp314t-musllinux_1_1_aarch64.whl", hash = "sha256:88cd1355578852db83954dc36e4f58f299646916da976147c20cf6892ba5dc43", size = 2171184, upload-time = "2026-04-15T14:52:34.854Z" },
    { url = "https://files.pythonhosted.org/packages/a2/57/c9a855527fe56c2072070640221f53095b0b19eaf651f3c77643c9cabbe3/pydantic_core-2.46.1-cp314-cp314t-musllinux_1_1_armv7l.whl", hash = "sha256:a170fefdb068279a473cc9d34848b85e61d68bfcc2668415b172c5dfc6f213bf", size = 2316573, upload-time = "2026-04-15T14:52:12.871Z" },
    { url = "https://files.pythonhosted.org/packages/37/b3/14c39ffc7399819c5448007c7bcb4e6da5669850cfb7dcbb727594290b48/pydantic_core-2.46.1-cp314-cp314t-musllinux_1_1_x86_64.whl", hash = "sha256:556a63ff1006934dba4eed7ea31b58274c227e29298ec398e4275eda4b905e95", size = 2378340, upload-time = "2026-04-15T14:51:02.619Z" },
    { url = "https://files.pythonhosted.org/packages/01/55/a37461fbb29c053ea4e62cfc5c2d56425cb5efbef8316e63f6d84ae45718/pydantic_core-2.46.1-cp314-cp314t-win32.whl", hash = "sha256:3b146d8336a995f7d7da6d36e4a779b7e7dff2719ac00a1eb8bd3ded00bec87b", size = 1960843, upload-time = "2026-04-15T14:52:06.103Z" },
    { url = "https://files.pythonhosted.org/packages/22/d7/97e1221197d17a27f768363f87ec061519eeeed15bbd315d2e9d1429ff03/pydantic_core-2.46.1-cp314-cp314t-win_amd64.whl", hash = "sha256:f1bc856c958e6fe9ec071e210afe6feb695f2e2e81fd8d2b102f558d364c4c17", size = 2048696, upload-time = "2026-04-15T14:52:52.154Z" },
    { url = "https://files.pythonhosted.org/packages/19/d5/4eac95255c7d35094b46a32ec1e4d80eac94729c694726ee1d69948bd5f0/pydantic_core-2.46.1-cp314-cp314t-win_arm64.whl", hash = "sha256:21a5bfd8a1aa4de60494cdf66b0c912b1495f26a8899896040021fbd6038d989", size = 2022343, upload-time = "2026-04-15T14:49:49.036Z" },
]

[[package]]
name = "pygments"
version = "2.19.2"
source = { registry = "https://pypi.org/simple" }
sdist = { url = "https://files.pythonhosted.org/packages/b0/77/a5b8c569bf593b0140bde72ea885a803b82086995367bf2037de0159d924/pygments-2.19.2.tar.gz", hash = "sha256:636cb2477cec7f8952536970bc533bc43743542f70392ae026374600add5b887", size = 4968631, upload-time = "2025-06-21T13:39:12.283Z" }
wheels = [
    { url = "https://files.pythonhosted.org/packages/c7/21/705964c7812476f378728bdf590ca4b771ec72385c533964653c68e86bdc/pygments-2.19.2-py3-none-any.whl", hash = "sha256:86540386c03d588bb81d44bc3928634ff26449851e99741617ecb9037ee5ec0b", size = 1225217, upload-time = "2025-06-21T13:39:07.939Z" },
]

[[package]]
name = "pytest"
version = "9.0.2"
source = { registry = "https://pypi.org/simple" }
dependencies = [
    { name = "colorama", marker = "sys_platform == 'win32'" },
    { name = "iniconfig" },
    { name = "packaging" },
    { name = "pluggy" },
    { name = "pygments" },
]
sdist = { url = "https://files.pythonhosted.org/packages/d1/db/7ef3487e0fb0049ddb5ce41d3a49c235bf9ad299b6a25d5780a89f19230f/pytest-9.0.2.tar.gz", hash = "sha256:75186651a92bd89611d1d9fc20f0b4345fd827c41ccd5c299a868a05d70edf11", size = 1568901, upload-time = "2025-12-06T21:30:51.014Z" }
wheels = [
    { url = "https://files.pythonhosted.org/packages/3b/ab/b3226f0bd7cdcf710fbede2b3548584366da3b19b5021e74f5bde2a8fa3f/pytest-9.0.2-py3-none-any.whl", hash = "sha256:711ffd45bf766d5264d487b917733b453d917afd2b0ad65223959f59089f875b", size = 374801, upload-time = "2025-12-06T21:30:49.154Z" },
]

[[package]]
name = "pytest-asyncio"
version = "1.3.0"
source = { registry = "https://pypi.org/simple" }
dependencies = [
    { name = "pytest" },
]
sdist = { url = "https://files.pythonhosted.org/packages/90/2c/8af215c0f776415f3590cac4f9086ccefd6fd463befeae41cd4d3f193e5a/pytest_asyncio-1.3.0.tar.gz", hash = "sha256:d7f52f36d231b80ee124cd216ffb19369aa168fc10095013c6b014a34d3ee9e5", size = 50087, upload-time = "2025-11-10T16:07:47.256Z" }
wheels = [
    { url = "https://files.pythonhosted.org/packages/e5/35/f8b19922b6a25bc0880171a2f1a003eaeb93657475193ab516fd87cac9da/pytest_asyncio-1.3.0-py3-none-any.whl", hash = "sha256:611e26147c7f77640e6d0a92a38ed17c3e9848063698d5c93d5aa7aa11cebff5", size = 15075, upload-time = "2025-11-10T16:07:45.537Z" },
]

[[package]]
name = "requests"
version = "2.32.5"
source = { registry = "https://pypi.org/simple" }
dependencies = [
    { name = "certifi" },
    { name = "charset-normalizer" },
    { name = "idna" },
    { name = "urllib3" },
]
sdist = { url = "https://files.pythonhosted.org/packages/c9/74/b3ff8e6c8446842c3f5c837e9c3dfcfe2018ea6ecef224c710c85ef728f4/requests-2.32.5.tar.gz", hash = "sha256:dbba0bac56e100853db0ea71b82b4dfd5fe2bf6d3754a8893c3af500cec7d7cf", size = 134517, upload-time = "2025-08-18T20:46:02.573Z" }
wheels = [
    { url = "https://files.pythonhosted.org/packages/1e/db/4254e3eabe8020b458f1a747140d32277ec7a271daf1d235b70dc0b4e6e3/requests-2.32.5-py3-none-any.whl", hash = "sha256:2462f94637a34fd532264295e186976db0f5d453d1cdd31473c85a6a161affb6", size = 64738, upload-time = "2025-08-18T20:46:00.542Z" },
]

[[package]]
name = "ruff"
version = "0.15.5"
source = { registry = "https://pypi.org/simple" }
sdist = { url = "https://files.pythonhosted.org/packages/77/9b/840e0039e65fcf12758adf684d2289024d6140cde9268cc59887dc55189c/ruff-0.15.5.tar.gz", hash = "sha256:7c3601d3b6d76dce18c5c824fc8d06f4eef33d6df0c21ec7799510cde0f159a2", size = 4574214, upload-time = "2026-03-05T20:06:34.946Z" }
wheels = [
    { url = "https://files.pythonhosted.org/packages/47/20/5369c3ce21588c708bcbe517a8fbe1a8dfdb5dfd5137e14790b1da71612c/ruff-0.15.5-py3-none-linux_armv6l.whl", hash = "sha256:4ae44c42281f42e3b06b988e442d344a5b9b72450ff3c892e30d11b29a96a57c", size = 10478185, upload-time = "2026-03-05T20:06:29.093Z" },
    { url = "https://files.pythonhosted.org/packages/44/ed/e81dd668547da281e5dce710cf0bc60193f8d3d43833e8241d006720e42b/ruff-0.15.5-py3-none-macosx_10_12_x86_64.whl", hash = "sha256:6edd3792d408ebcf61adabc01822da687579a1a023f297618ac27a5b51ef0080", size = 10859201, upload-time = "2026-03-05T20:06:32.632Z" },
    { url = "https://files.pythonhosted.org/packages/c4/8f/533075f00aaf19b07c5cd6aa6e5d89424b06b3b3f4583bfa9c640a079059/ruff-0.15.5-py3-none-macosx_11_0_arm64.whl", hash = "sha256:89f463f7c8205a9f8dea9d658d59eff49db05f88f89cc3047fb1a02d9f344010", size = 10184752, upload-time = "2026-03-05T20:06:40.312Z" },
    { url = "https://files.pythonhosted.org/packages/66/0e/ba49e2c3fa0395b3152bad634c7432f7edfc509c133b8f4529053ff024fb/ruff-0.15.5-py3-none-manylinux_2_17_aarch64.manylinux2014_aarch64.whl", hash = "sha256:ba786a8295c6574c1116704cf0b9e6563de3432ac888d8f83685654fe528fd65", size = 10534857, upload-time = "2026-03-05T20:06:19.581Z" },
    { url = "https://files.pythonhosted.org/packages/59/71/39234440f27a226475a0659561adb0d784b4d247dfe7f43ffc12dd02e288/ruff-0.15.5-py3-none-manylinux_2_17_armv7l.manylinux2014_armv7l.whl", hash = "sha256:fd4b801e57955fe9f02b31d20375ab3a5c4415f2e5105b79fb94cf2642c91440", size = 10309120, upload-time = "2026-03-05T20:06:00.435Z" },
    { url = "https://files.pythonhosted.org/packages/f5/87/4140aa86a93df032156982b726f4952aaec4a883bb98cb6ef73c347da253/ruff-0.15.5-py3-none-manylinux_2_17_i686.manylinux2014_i686.whl", hash = "sha256:391f7c73388f3d8c11b794dbbc2959a5b5afe66642c142a6effa90b45f6f5204", size = 11047428, upload-time = "2026-03-05T20:05:51.867Z" },
    { url = "https://files.pythonhosted.org/packages/5a/f7/4953e7e3287676f78fbe85e3a0ca414c5ca81237b7575bdadc00229ac240/ruff-0.15.5-py3-none-manylinux_2_17_ppc64le.manylinux2014_ppc64le.whl", hash = "sha256:8dc18f30302e379fe1e998548b0f5e9f4dff907f52f73ad6da419ea9c19d66c8", size = 11914251, upload-time = "2026-03-05T20:06:22.887Z" },
    { url = "https://files.pythonhosted.org/packages/77/46/0f7c865c10cf896ccf5a939c3e84e1cfaeed608ff5249584799a74d33835/ruff-0.15.5-py3-none-manylinux_2_17_s390x.manylinux2014_s390x.whl", hash = "sha256:1cc6e7f90087e2d27f98dc34ed1b3ab7c8f0d273cc5431415454e22c0bd2a681", size = 11333801, upload-time = "2026-03-05T20:05:57.168Z" },
    { url = "https://files.pythonhosted.org/packages/d3/01/a10fe54b653061585e655f5286c2662ebddb68831ed3eaebfb0eb08c0a16/ruff-0.15.5-py3-none-manylinux_2_17_x86_64.manylinux2014_x86_64.whl", hash = "sha256:c1cb7169f53c1ddb06e71a9aebd7e98fc0fea936b39afb36d8e86d36ecc2636a", size = 11206821, upload-time = "2026-03-05T20:06:03.441Z" },
    { url = "https://files.pythonhosted.org/packages/7a/0d/2132ceaf20c5e8699aa83da2706ecb5c5dcdf78b453f77edca7fb70f8a93/ruff-0.15.5-py3-none-manylinux_2_31_riscv64.whl", hash = "sha256:9b037924500a31ee17389b5c8c4d88874cc6ea8e42f12e9c61a3d754ff72f1ca", size = 11133326, upload-time = "2026-03-05T20:06:25.655Z" },
    { url = "https://files.pythonhosted.org/packages/72/cb/2e5259a7eb2a0f87c08c0fe5bf5825a1e4b90883a52685524596bfc93072/ruff-0.15.5-py3-none-musllinux_1_2_aarch64.whl", hash = "sha256:65bb414e5b4eadd95a8c1e4804f6772bbe8995889f203a01f77ddf2d790929dd", size = 10510820, upload-time = "2026-03-05T20:06:37.79Z" },
    { url = "https://files.pythonhosted.org/packages/ff/20/b67ce78f9e6c59ffbdb5b4503d0090e749b5f2d31b599b554698a80d861c/ruff-0.15.5-py3-none-musllinux_1_2_armv7l.whl", hash = "sha256:d20aa469ae3b57033519c559e9bc9cd9e782842e39be05b50e852c7c981fa01d", size = 10302395, upload-time = "2026-03-05T20:05:54.504Z" },
    { url = "https://files.pythonhosted.org/packages/5f/e5/719f1acccd31b720d477751558ed74e9c88134adcc377e5e886af89d3072/ruff-0.15.5-py3-none-musllinux_1_2_i686.whl", hash = "sha256:15388dd28c9161cdb8eda68993533acc870aa4e646a0a277aa166de9ad5a8752", size = 10754069, upload-time = "2026-03-05T20:06:06.422Z" },
    { url = "https://files.pythonhosted.org/packages/c3/9c/d1db14469e32d98f3ca27079dbd30b7b44dbb5317d06ab36718dee3baf03/ruff-0.15.5-py3-none-musllinux_1_2_x86_64.whl", hash = "sha256:b30da330cbd03bed0c21420b6b953158f60c74c54c5f4c1dabbdf3a57bf355d2", size = 11304315, upload-time = "2026-03-05T20:06:10.867Z" },
    { url = "https://files.pythonhosted.org/packages/28/3a/950367aee7c69027f4f422059227b290ed780366b6aecee5de5039d50fa8/ruff-0.15.5-py3-none-win32.whl", hash = "sha256:732e5ee1f98ba5b3679029989a06ca39a950cced52143a0ea82a2102cb592b74", size = 10551676, upload-time = "2026-03-05T20:06:13.705Z" },
    { url = "https://files.pythonhosted.org/packages/b8/00/bf077a505b4e649bdd3c47ff8ec967735ce2544c8e4a43aba42ee9bf935d/ruff-0.15.5-py3-none-win_amd64.whl", hash = "sha256:821d41c5fa9e19117616c35eaa3f4b75046ec76c65e7ae20a333e9a8696bc7fe", size = 11678972, upload-time = "2026-03-05T20:06:45.379Z" },
    { url = "https://files.pythonhosted.org/packages/fe/4e/cd76eca6db6115604b7626668e891c9dd03330384082e33662fb0f113614/ruff-0.15.5-py3-none-win_arm64.whl", hash = "sha256:b498d1c60d2fe5c10c45ec3f698901065772730b411f164ae270bb6bfcc4740b", size = 10965572, upload-time = "2026-03-05T20:06:16.984Z" },
]

[[package]]
name = "six"
version = "1.17.0"
source = { registry = "https://pypi.org/simple" }
sdist = { url = "https://files.pythonhosted.org/packages/94/e7/b2c673351809dca68a0e064b6af791aa332cf192da575fd474ed7d6f16a2/six-1.17.0.tar.gz", hash = "sha256:ff70335d468e7eb6ec65b95b99d3a2836546063f63acc5171de367e834932a81", size = 34031, upload-time = "2024-12-04T17:35:28.174Z" }
wheels = [
    { url = "https://files.pythonhosted.org/packages/b7/ce/149a00dd41f10bc29e5921b496af8b574d8413afcd5e30dfa0ed46c2cc5e/six-1.17.0-py2.py3-none-any.whl", hash = "sha256:4721f391ed90541fddacab5acf947aa0d3dc7d27b2e1e8eda2be8970586c3274", size = 11050, upload-time = "2024-12-04T17:35:26.475Z" },
]

[[package]]
name = "typing-extensions"
version = "4.14.1"
source = { registry = "https://pypi.org/simple" }
sdist = { url = "https://files.pythonhosted.org/packages/98/5a/da40306b885cc8c09109dc2e1abd358d5684b1425678151cdaed4731c822/typing_extensions-4.14.1.tar.gz", hash = "sha256:38b39f4aeeab64884ce9f74c94263ef78f3c22467c8724005483154c26648d36", size = 107673, upload-time = "2025-07-04T13:28:34.16Z" }
wheels = [
    { url = "https://files.pythonhosted.org/packages/b5/00/d631e67a838026495268c2f6884f3711a15a9a2a96cd244fdaea53b823fb/typing_extensions-4.14.1-py3-none-any.whl", hash = "sha256:d1e1e3b58374dc93031d6eda2420a48ea44a36c2b4766a4fdeb3710755731d76", size = 43906, upload-time = "2025-07-04T13:28:32.743Z" },
]

[[package]]
name = "typing-inspection"
version = "0.4.2"
source = { registry = "https://pypi.org/simple" }
dependencies = [
    { name = "typing-extensions" },
]
sdist = { url = "https://files.pythonhosted.org/packages/55/e3/70399cb7dd41c10ac53367ae42139cf4b1ca5f36bb3dc6c9d33acdb43655/typing_inspection-0.4.2.tar.gz", hash = "sha256:ba561c48a67c5958007083d386c3295464928b01faa735ab8547c5692e87f464", size = 75949, upload-time = "2025-10-01T02:14:41.687Z" }
wheels = [
    { url = "https://files.pythonhosted.org/packages/dc/9b/47798a6c91d8bdb567fe2698fe81e0c6b7cb7ef4d13da4114b41d239f65d/typing_inspection-0.4.2-py3-none-any.whl", hash = "sha256:4ed1cacbdc298c220f1bd249ed5287caa16f34d44ef4e9c3d0cbad5b521545e7", size = 14611, upload-time = "2025-10-01T02:14:40.154Z" },
]

[[package]]
name = "urllib3"
version = "2.5.0"
source = { registry = "https://pypi.org/simple" }
sdist = { url = "https://files.pythonhosted.org/packages/15/22/9ee70a2574a4f4599c47dd506532914ce044817c7752a79b6a51286319bc/urllib3-2.5.0.tar.gz", hash = "sha256:3fc47733c7e419d4bc3f6b3dc2b4f890bb743906a30d56ba4a5bfa4bbff92760", size = 393185, upload-time = "2025-06-18T14:07:41.644Z" }
wheels = [
    { url = "https://files.pythonhosted.org/packages/a7/c2/fe1e52489ae3122415c51f387e221dd0773709bad6c6cdaa599e8a2c5185/urllib3-2.5.0-py3-none-any.whl", hash = "sha256:e6b01673c0fa6a13e374b50871808eb3bf7046c4b125b216f6bf1cc604cff0dc", size = 129795, upload-time = "2025-06-18T14:07:40.39Z" },
]

[[package]]
name = "wyoming"
version = "1.8.0"
source = { registry = "https://pypi.org/simple" }
sdist = { url = "https://files.pythonhosted.org/packages/c5/ab/8984e755731fac96405b3ecc2236887855120afb9760f829291bd618c26d/wyoming-1.8.0.tar.gz", hash = "sha256:90c16c9fb7e90cbce277032806b7816e6c631812393206a73298f4ad4ffcdb76", size = 37388, upload-time = "2025-10-10T20:49:43.151Z" }
wheels = [
    { url = "https://files.pythonhosted.org/packages/70/b3/8fbcbd8b6587cb33a7deafc5f20a1ec96ee40e8f7a9c2eccc1982a4e0f06/wyoming-1.8.0-py3-none-any.whl", hash = "sha256:1bbd9fb2af1fcc7dc8d397821438ff89173d2aed33f1092c62aae0b3ce6d168d", size = 39282, upload-time = "2025-10-10T20:49:41.911Z" },
]

[[package]]
name = "wyoming-microsoft-stt"
version = "1.3.9"
source = { virtual = "." }
dependencies = [
    { name = "azure-cognitiveservices-speech" },
    { name = "pydantic" },
    { name = "wyoming" },
]

[package.dev-dependencies]
dev = [
    { name = "pytest" },
    { name = "pytest-asyncio" },
    { name = "ruff" },
]

[package.metadata]
requires-dist = [
    { name = "azure-cognitiveservices-speech", specifier = ">=1.46.0" },
    { name = "pydantic", specifier = ">=2.11.7" },
    { name = "wyoming", specifier = ">=1.7.2" },
]

[package.metadata.requires-dev]
dev = [
    { name = "pytest", specifier = ">=8.4.1" },
    { name = "pytest-asyncio", specifier = ">=1.1.0" },
    { name = "ruff", specifier = ">=0.12.10" },
]
