version = 1
revision = 3
requires-python = ">=3.13"

[[package]]
name = "annotated-types"
version = "0.7.0"
source = { registry = "https://pypi.org/simple" }
sdist = { url = "https://files.pythonhosted.org/packages/ee/67/531ea369ba64dcff5ec9c3402f9f51bf748cec26dde048a2f973a4eea7f5/annotated_types-0.7.0.tar.gz", hash = "sha256:aff07c09a53a08bc8cfccb9c85b05f1aa9a2a6f23728d790723543408344ce89", size = 16081, upload-time = "2024-05-20T21:33:25.928Z" }
wheels = [
    { url = "https://files.pythonhosted.org/packages/78/b6/6307fbef88d9b5ee7421e68d78a9f162e0da4900bc5f5793f6d3d0e34fb8/annotated_types-0.7.0-py3-none-any.whl", hash = "sha256:1f02e8b43a8fbbc3f3e0d4f0f4bfc8131bcb4eebe8849b8e5c773f3a1c582a53", size = 13643, upload-time = "2024-05-20T21:33:24.1Z" },
]

[[package]]
name = "azure-cognitiveservices-speech"
version = "1.48.2"
source = { registry = "https://pypi.org/simple" }
dependencies = [
    { name = "azure-core" },
]
wheels = [
    { url = "https://files.pythonhosted.org/packages/a7/ea/22cd72035b45aa084beadb31799ae4a340b8af31433877c5ad63fcab101d/azure_cognitiveservices_speech-1.48.2-py3-none-macosx_10_14_x86_64.whl", hash = "sha256:62918332eb53e26b71c1d6000bf3e255f7b2b7c8cb327ea2ec7d37181313c885", size = 3272203, upload-time = "2026-02-21T01:19:19.652Z" },
    { url = "https://files.pythonhosted.org/packages/75/e8/b41a8ee2d91259711f75a970b7b8e2ae489ae9c52f3e86495cc4d2d97cb5/azure_cognitiveservices_speech-1.48.2-py3-none-macosx_11_0_arm64.whl", hash = "sha256:47ffaead342a53ffca74c54bd0843a9c4aabdedd385d45742dac0404c551e384", size = 3111281, upload-time = "2026-02-21T01:19:21.664Z" },
    { url = "https://files.pythonhosted.org/packages/69/fd/dd4f637821b5c9a10dd7ab1bfb76082cc93dd9ebc1f551403f5b76fb1194/azure_cognitiveservices_speech-1.48.2-py3-none-manylinux1_x86_64.whl", hash = "sha256:9b03c2a0e36d926f5eb3c4c8588c5b444af257be2b7d801575faafc086a62581", size = 35424714, upload-time = "2026-02-21T01:19:25.639Z" },
    { url = "https://files.pythonhosted.org/packages/75/c1/d4f3cfbe2ada16a38ed72653211506cfa1fbfa4284692b3ed3ff59881777/azure_cognitiveservices_speech-1.48.2-py3-none-manylinux2014_aarch64.whl", hash = "sha256:0f01e5c9326224845031c67812664436da9ba96d19230dfa2f44a4402fbda0e5", size = 35250857, upload-time = "2026-02-21T01:19:30.547Z" },
    { url = "https://files.pythonhosted.org/packages/d2/ce/6dd6fea0662e95d76b41fe80802c1143569ff362b6f0159938a37a7af320/azure_cognitiveservices_speech-1.48.2-py3-none-win_amd64.whl", hash = "sha256:acd2549b3e716968e0cc9e95dc9cd512042129323158a4eeb74dfb740e53c065", size = 2199550, upload-time = "2026-02-21T01:19:33.121Z" },
    { url = "https://files.pythonhosted.org/packages/d9/11/c5e1daa73ce98c535dcf727639cc9400b1f7bff4727e8d97088b5b51849c/azure_cognitiveservices_speech-1.48.2-py3-none-win_arm64.whl", hash = "sha256:a8538e3732a2b157f8379063a6f9ad21c71cb3bcc24e8f2b1ee0c90023ca0d4c", size = 1990065, upload-time = "2026-02-21T01:19:34.305Z" },
]

[[package]]
name = "azure-core"
version = "1.35.0"
source = { registry = "https://pypi.org/simple" }
dependencies = [
    { name = "requests" },
    { name = "six" },
    { name = "typing-extensions" },
]
sdist = { url = "https://files.pythonhosted.org/packages/ce/89/f53968635b1b2e53e4aad2dd641488929fef4ca9dfb0b97927fa7697ddf3/azure_core-1.35.0.tar.gz", hash = "sha256:c0be528489485e9ede59b6971eb63c1eaacf83ef53001bfe3904e475e972be5c", size = 339689, upload-time = "2025-07-03T00:55:23.496Z" }
wheels = [
    { url = "https://files.pythonhosted.org/packages/d4/78/bf94897361fdd650850f0f2e405b2293e2f12808239046232bdedf554301/azure_core-1.35.0-py3-none-any.whl", hash = "sha256:8db78c72868a58f3de8991eb4d22c4d368fae226dac1002998d6c50437e7dad1", size = 210708, upload-time = "2025-07-03T00:55:25.238Z" },
]

[[package]]
name = "certifi"
version = "2025.8.3"
source = { registry = "https://pypi.org/simple" }
sdist = { url = "https://files.pythonhosted.org/packages/dc/67/960ebe6bf230a96cda2e0abcf73af550ec4f090005363542f0765df162e0/certifi-2025.8.3.tar.gz", hash = "sha256:e564105f78ded564e3ae7c923924435e1daa7463faeab5bb932bc53ffae63407", size = 162386, upload-time = "2025-08-03T03:07:47.08Z" }
wheels = [
    { url = "https://files.pythonhosted.org/packages/e5/48/1549795ba7742c948d2ad169c1c8cdbae65bc450d6cd753d124b17c8cd32/certifi-2025.8.3-py3-none-any.whl", hash = "sha256:f6c12493cfb1b06ba2ff328595af9350c65d6644968e5d3a2ffd78699af217a5", size = 161216, upload-time = "2025-08-03T03:07:45.777Z" },
]

[[package]]
name = "charset-normalizer"
version = "3.4.3"
source = { registry = "https://pypi.org/simple" }
sdist = { url = "https://files.pythonhosted.org/packages/83/2d/5fd176ceb9b2fc619e63405525573493ca23441330fcdaee6bef9460e924/charset_normalizer-3.4.3.tar.gz", hash = "sha256:6fce4b8500244f6fcb71465d4a4930d132ba9ab8e71a7859e6a5d59851068d14", size = 122371, upload-time = "2025-08-09T07:57:28.46Z" }
wheels = [
    { url = "https://files.pythonhosted.org/packages/65/ca/2135ac97709b400c7654b4b764daf5c5567c2da45a30cdd20f9eefe2d658/charset_normalizer-3.4.3-cp313-cp313-macosx_10_13_universal2.whl", hash = "sha256:14c2a87c65b351109f6abfc424cab3927b3bdece6f706e4d12faaf3d52ee5efe", size = 205326, upload-time = "2025-08-09T07:56:24.721Z" },
    { url = "https://files.pythonhosted.org/packages/71/11/98a04c3c97dd34e49c7d247083af03645ca3730809a5509443f3c37f7c99/charset_normalizer-3.4.3-cp313-cp313-manylinux2014_aarch64.manylinux_2_17_aarch64.manylinux_2_28_aarch64.whl", hash = "sha256:41d1fc408ff5fdfb910200ec0e74abc40387bccb3252f3f27c0676731df2b2c8", size = 146008, upload-time = "2025-08-09T07:56:26.004Z" },
    { url = "https://files.pythonhosted.org/packages/60/f5/4659a4cb3c4ec146bec80c32d8bb16033752574c20b1252ee842a95d1a1e/charset_normalizer-3.4.3-cp313-cp313-manylinux2014_ppc64le.manylinux_2_17_ppc64le.manylinux_2_28_ppc64le.whl", hash = "sha256:1bb60174149316da1c35fa5233681f7c0f9f514509b8e399ab70fea5f17e45c9", size = 159196, upload-time = "2025-08-09T07:56:27.25Z" },
    { url = "https://files.pythonhosted.org/packages/86/9e/f552f7a00611f168b9a5865a1414179b2c6de8235a4fa40189f6f79a1753/charset_normalizer-3.4.3-cp313-cp313-manylinux2014_s390x.manylinux_2_17_s390x.manylinux_2_28_s390x.whl", hash = "sha256:30d006f98569de3459c2fc1f2acde170b7b2bd265dc1943e87e1a4efe1b67c31", size = 156819, upload-time = "2025-08-09T07:56:28.515Z" },
    { url = "https://files.pythonhosted.org/packages/7e/95/42aa2156235cbc8fa61208aded06ef46111c4d3f0de233107b3f38631803/charset_normalizer-3.4.3-cp313-cp313-manylinux2014_x86_64.manylinux_2_17_x86_64.manylinux_2_28_x86_64.whl", hash = "sha256:416175faf02e4b0810f1f38bcb54682878a4af94059a1cd63b8747244420801f", size = 151350, upload-time = "2025-08-09T07:56:29.716Z" },
    { url = "https://files.pythonhosted.org/packages/c2/a9/3865b02c56f300a6f94fc631ef54f0a8a29da74fb45a773dfd3dcd380af7/charset_normalizer-3.4.3-cp313-cp313-musllinux_1_2_aarch64.whl", hash = "sha256:6aab0f181c486f973bc7262a97f5aca3ee7e1437011ef0c2ec04b5a11d16c927", size = 148644, upload-time = "2025-08-09T07:56:30.984Z" },
    { url = "https://files.pythonhosted.org/packages/77/d9/cbcf1a2a5c7d7856f11e7ac2d782aec12bdfea60d104e60e0aa1c97849dc/charset_normalizer-3.4.3-cp313-cp313-musllinux_1_2_ppc64le.whl", hash = "sha256:fdabf8315679312cfa71302f9bd509ded4f2f263fb5b765cf1433b39106c3cc9", size = 160468, upload-time = "2025-08-09T07:56:32.252Z" },
    { url = "https://files.pythonhosted.org/packages/f6/42/6f45efee8697b89fda4d50580f292b8f7f9306cb2971d4b53f8914e4d890/charset_normalizer-3.4.3-cp313-cp313-musllinux_1_2_s390x.whl", hash = "sha256:bd28b817ea8c70215401f657edef3a8aa83c29d447fb0b622c35403780ba11d5", size = 158187, upload-time = "2025-08-09T07:56:33.481Z" },
    { url = "https://files.pythonhosted.org/packages/70/99/f1c3bdcfaa9c45b3ce96f70b14f070411366fa19549c1d4832c935d8e2c3/charset_normalizer-3.4.3-cp313-cp313-musllinux_1_2_x86_64.whl", hash = "sha256:18343b2d246dc6761a249ba1fb13f9ee9a2bcd95decc767319506056ea4ad4dc", size = 152699, upload-time = "2025-08-09T07:56:34.739Z" },
    { url = "https://files.pythonhosted.org/packages/a3/ad/b0081f2f99a4b194bcbb1934ef3b12aa4d9702ced80a37026b7607c72e58/charset_normalizer-3.4.3-cp313-cp313-win32.whl", hash = "sha256:6fb70de56f1859a3f71261cbe41005f56a7842cc348d3aeb26237560bfa5e0ce", size = 99580, upload-time = "2025-08-09T07:56:35.981Z" },
    { url = "https://files.pythonhosted.org/packages/9a/8f/ae790790c7b64f925e5c953b924aaa42a243fb778fed9e41f147b2a5715a/charset_normalizer-3.4.3-cp313-cp313-win_amd64.whl", hash = "sha256:cf1ebb7d78e1ad8ec2a8c4732c7be2e736f6e5123a4146c5b89c9d1f585f8cef", size = 107366, upload-time = "2025-08-09T07:56:37.339Z" },
    { url = "https://files.pythonhosted.org/packages/8e/91/b5a06ad970ddc7a0e513112d40113e834638f4ca1120eb727a249fb2715e/charset_normalizer-3.4.3-cp314-cp314-macosx_10_13_universal2.whl", hash = "sha256:3cd35b7e8aedeb9e34c41385fda4f73ba609e561faedfae0a9e75e44ac558a15", size = 204342, upload-time = "2025-08-09T07:56:38.687Z" },
    { url = "https://files.pythonhosted.org/packages/ce/ec/1edc30a377f0a02689342f214455c3f6c2fbedd896a1d2f856c002fc3062/charset_normalizer-3.4.3-cp314-cp314-manylinux2014_aarch64.manylinux_2_17_aarch64.manylinux_2_28_aarch64.whl", hash = "sha256:b89bc04de1d83006373429975f8ef9e7932534b8cc9ca582e4db7d20d91816db", size = 145995, upload-time = "2025-08-09T07:56:40.048Z" },
    { url = "https://files.pythonhosted.org/packages/17/e5/5e67ab85e6d22b04641acb5399c8684f4d37caf7558a53859f0283a650e9/charset_normalizer-3.4.3-cp314-cp314-manylinux2014_ppc64le.manylinux_2_17_ppc64le.manylinux_2_28_ppc64le.whl", hash = "sha256:2001a39612b241dae17b4687898843f254f8748b796a2e16f1051a17078d991d", size = 158640, upload-time = "2025-08-09T07:56:41.311Z" },
    { url = "https://files.pythonhosted.org/packages/f1/e5/38421987f6c697ee3722981289d554957c4be652f963d71c5e46a262e135/charset_normalizer-3.4.3-cp314-cp314-manylinux2014_s390x.manylinux_2_17_s390x.manylinux_2_28_s390x.whl", hash = "sha256:8dcfc373f888e4fb39a7bc57e93e3b845e7f462dacc008d9749568b1c4ece096", size = 156636, upload-time = "2025-08-09T07:56:43.195Z" },
    { url = "https://files.pythonhosted.org/packages/a0/e4/5a075de8daa3ec0745a9a3b54467e0c2967daaaf2cec04c845f73493e9a1/charset_normalizer-3.4.3-cp314-cp314-manylinux2014_x86_64.manylinux_2_17_x86_64.manylinux_2_28_x86_64.whl", hash = "sha256:18b97b8404387b96cdbd30ad660f6407799126d26a39ca65729162fd810a99aa", size = 150939, upload-time = "2025-08-09T07:56:44.819Z" },
    { url = "https://files.pythonhosted.org/packages/02/f7/3611b32318b30974131db62b4043f335861d4d9b49adc6d57c1149cc49d4/charset_normalizer-3.4.3-cp314-cp314-musllinux_1_2_aarch64.whl", hash = "sha256:ccf600859c183d70eb47e05a44cd80a4ce77394d1ac0f79dbd2dd90a69a3a049", size = 148580, upload-time = "2025-08-09T07:56:46.684Z" },
    { url = "https://files.pythonhosted.org/packages/7e/61/19b36f4bd67f2793ab6a99b979b4e4f3d8fc754cbdffb805335df4337126/charset_normalizer-3.4.3-cp314-cp314-musllinux_1_2_ppc64le.whl", hash = "sha256:53cd68b185d98dde4ad8990e56a58dea83a4162161b1ea9272e5c9182ce415e0", size = 159870, upload-time = "2025-08-09T07:56:47.941Z" },
    { url = "https://files.pythonhosted.org/packages/06/57/84722eefdd338c04cf3030ada66889298eaedf3e7a30a624201e0cbe424a/charset_normalizer-3.4.3-cp314-cp314-musllinux_1_2_s390x.whl", hash = "sha256:30a96e1e1f865f78b030d65241c1ee850cdf422d869e9028e2fc1d5e4db73b92", size = 157797, upload-time = "2025-08-09T07:56:49.756Z" },
    { url = "https://files.pythonhosted.org/packages/72/2a/aff5dd112b2f14bcc3462c312dce5445806bfc8ab3a7328555da95330e4b/charset_normalizer-3.4.3-cp314-cp314-musllinux_1_2_x86_64.whl", hash = "sha256:d716a916938e03231e86e43782ca7878fb602a125a91e7acb8b5112e2e96ac16", size = 152224, upload-time = "2025-08-09T07:56:51.369Z" },
    { url = "https://files.pythonhosted.org/packages/b7/8c/9839225320046ed279c6e839d51f028342eb77c91c89b8ef2549f951f3ec/charset_normalizer-3.4.3-cp314-cp314-win32.whl", hash = "sha256:c6dbd0ccdda3a2ba7c2ecd9d77b37f3b5831687d8dc1b6ca5f56a4880cc7b7ce", size = 100086, upload-time = "2025-08-09T07:56:52.722Z" },
    { url = "https://files.pythonhosted.org/packages/ee/7a/36fbcf646e41f710ce0a563c1c9a343c6edf9be80786edeb15b6f62e17db/charset_normalizer-3.4.3-cp314-cp314-win_amd64.whl", hash = "sha256:73dc19b562516fc9bcf6e5d6e596df0b4eb98d87e4f79f3ae71840e6ed21361c", size = 107400, upload-time = "2025-08-09T07:56:55.172Z" },
    { url = "https://files.pythonhosted.org/packages/8a/1f/f041989e93b001bc4e44bb1669ccdcf54d3f00e628229a85b08d330615c5/charset_normalizer-3.4.3-py3-none-any.whl", hash = "sha256:ce571ab16d890d23b5c278547ba694193a45011ff86a9162a71307ed9f86759a", size = 53175, upload-time = "2025-08-09T07:57:26.864Z" },
]

[[package]]
name = "colorama"
version = "0.4.6"
source = { registry = "https://pypi.org/simple" }
sdist = { url = "https://files.pythonhosted.org/packages/d8/53/6f443c9a4a8358a93a6792e2acffb9d9d5cb0a5cfd8802644b7b1c9a02e4/colorama-0.4.6.tar.gz", hash = "sha256:08695f5cb7ed6e0531a20572697297273c47b8cae5a63ffc6d6ed5c201be6e44", size = 27697, upload-time = "2022-10-25T02:36:22.414Z" }
wheels = [
    { url = "https://files.pythonhosted.org/packages/d1/d6/3965ed04c63042e047cb6a3e6ed1a63a35087b6a609aa3a15ed8ac56c221/colorama-0.4.6-py2.py3-none-any.whl", hash = "sha256:4f1d9991f5acc0ca119f9d443620b77f9d6b33703e51011c16baf57afb285fc6", size = 25335, upload-time = "2022-10-25T02:36:20.889Z" },
]

[[package]]
name = "idna"
version = "3.10"
source = { registry = "https://pypi.org/simple" }
sdist = { url = "https://files.pythonhosted.org/packages/f1/70/7703c29685631f5a7590aa73f1f1d3fa9a380e654b86af429e0934a32f7d/idna-3.10.tar.gz", hash = "sha256:12f65c9b470abda6dc35cf8e63cc574b1c52b11df2c86030af0ac09b01b13ea9", size = 190490, upload-time = "2024-09-15T18:07:39.745Z" }
wheels = [
    { url = "https://files.pythonhosted.org/packages/76/c6/c88e154df9c4e1a2a66ccf0005a88dfb2650c1dffb6f5ce603dfbd452ce3/idna-3.10-py3-none-any.whl", hash = "sha256:946d195a0d259cbba61165e88e65941f16e9b36ea6ddb97f00452bae8b1287d3", size = 70442, upload-time = "2024-09-15T18:07:37.964Z" },
]

[[package]]
name = "iniconfig"
version = "2.1.0"
source = { registry = "https://pypi.org/simple" }
sdist = { url = "https://files.pythonhosted.org/packages/f2/97/ebf4da567aa6827c909642694d71c9fcf53e5b504f2d96afea02718862f3/iniconfig-2.1.0.tar.gz", hash = "sha256:3abbd2e30b36733fee78f9c7f7308f2d0050e88f0087fd25c2645f63c773e1c7", size = 4793, upload-time = "2025-03-19T20:09:59.721Z" }
wheels = [
    { url = "https://files.pythonhosted.org/packages/2c/e1/e6716421ea10d38022b952c159d5161ca1193197fb744506875fbb87ea7b/iniconfig-2.1.0-py3-none-any.whl", hash = "sha256:9deba5723312380e77435581c6bf4935c94cbfab9b1ed33ef8d238ea168eb760", size = 6050, upload-time = "2025-03-19T20:10:01.071Z" },
]

[[package]]
name = "packaging"
version = "25.0"
source = { registry = "https://pypi.org/simple" }
sdist = { url = "https://files.pythonhosted.org/packages/a1/d4/1fc4078c65507b51b96ca8f8c3ba19e6a61c8253c72794544580a7b6c24d/packaging-25.0.tar.gz", hash = "sha256:d443872c98d677bf60f6a1f2f8c1cb748e8fe762d2bf9d3148b5599295b0fc4f", size = 165727, upload-time = "2025-04-19T11:48:59.673Z" }
wheels = [
    { url = "https://files.pythonhosted.org/packages/20/12/38679034af332785aac8774540895e234f4d07f7545804097de4b666afd8/packaging-25.0-py3-none-any.whl", hash = "sha256:29572ef2b1f17581046b3a2227d5c611fb25ec70ca1ba8554b24b0e69331a484", size = 66469, upload-time = "2025-04-19T11:48:57.875Z" },
]

[[package]]
name = "pluggy"
version = "1.6.0"
source = { registry = "https://pypi.org/simple" }
sdist = { url = "https://files.pythonhosted.org/packages/f9/e2/3e91f31a7d2b083fe6ef3fa267035b518369d9511ffab804f839851d2779/pluggy-1.6.0.tar.gz", hash = "sha256:7dcc130b76258d33b90f61b658791dede3486c3e6bfb003ee5c9bfb396dd22f3", size = 69412, upload-time = "2025-05-15T12:30:07.975Z" }
wheels = [
    { url = "https://files.pythonhosted.org/packages/54/20/4d324d65cc6d9205fabedc306948156824eb9f0ee1633355a8f7ec5c66bf/pluggy-1.6.0-py3-none-any.whl", hash = "sha256:e920276dd6813095e9377c0bc5566d94c932c33b27a3e3945d8389c374dd4746", size = 20538, upload-time = "2025-05-15T12:30:06.134Z" },
]

[[package]]
name = "pydantic"
version = "2.13.0"
source = { registry = "https://pypi.org/simple" }
dependencies = [
    { name = "annotated-types" },
    { name = "pydantic-core" },
    { name = "typing-extensions" },
    { name = "typing-inspection" },
]
sdist = { url = "https://files.pythonhosted.org/packages/84/6b/69fd5c7194b21ebde0f8637e2a4ddc766ada29d472bfa6a5ca533d79549a/pydantic-2.13.0.tar.gz", hash = "sha256:b89b575b6e670ebf6e7448c01b41b244f471edd276cd0b6fe02e7e7aca320070", size = 843468, upload-time = "2026-04-13T10:51:35.571Z" }
wheels = [
    { url = "https://files.pythonhosted.org/packages/01/d7/c3a52c61f5b7be648e919005820fbac33028c6149994cd64453f49951c17/pydantic-2.13.0-py3-none-any.whl", hash = "sha256:ab0078b90da5f3e2fd2e71e3d9b457ddcb35d0350854fbda93b451e28d56baaf", size = 471872, upload-time = "2026-04-13T10:51:33.343Z" },
]

[[package]]
name = "pydantic-core"
version = "2.46.0"
source = { registry = "https://pypi.org/simple" }
dependencies = [
    { name = "typing-extensions" },
]
sdist = { url = "https://files.pythonhosted.org/packages/6f/0a/9414cddf82eda3976b14048cc0fa8f5b5d1aecb0b22e1dcd2dbfe0e139b1/pydantic_core-2.46.0.tar.gz", hash = "sha256:82d2498c96be47b47e903e1378d1d0f770097ec56ea953322f39936a7cf34977", size = 471441, upload-time = "2026-04-13T09:06:33.813Z" }
wheels = [
    { url = "https://files.pythonhosted.org/packages/df/05/ab3b0742bad1d51822f1af0c4232208408902bdcfc47601f3b812e09e6c2/pydantic_core-2.46.0-cp313-cp313-macosx_10_12_x86_64.whl", hash = "sha256:a05900c37264c070c683c650cbca8f83d7cbb549719e645fcd81a24592eac788", size = 2116814, upload-time = "2026-04-13T09:04:12.41Z" },
    { url = "https://files.pythonhosted.org/packages/98/08/30b43d9569d69094a0899a199711c43aa58fce6ce80f6a8f7693673eb995/pydantic_core-2.46.0-cp313-cp313-macosx_11_0_arm64.whl", hash = "sha256:8de8e482fd4f1e3f36c50c6aac46d044462615d8f12cfafc6bebeaa0909eea22", size = 1951867, upload-time = "2026-04-13T09:04:02.364Z" },
    { url = "https://files.pythonhosted.org/packages/db/a0/bf9a1ba34537c2ed3872a48195291138fdec8fe26c4009776f00d63cf0c8/pydantic_core-2.46.0-cp313-cp313-manylinux_2_17_aarch64.manylinux2014_aarch64.whl", hash = "sha256:c525ecf8a4cdf198327b65030a7d081867ad8e60acb01a7214fff95cf9832d47", size = 1977040, upload-time = "2026-04-13T09:06:16.088Z" },
    { url = "https://files.pythonhosted.org/packages/71/70/0ba03c20e1e118219fc18c5417b008b7e880f0e3fb38560ec4465984d471/pydantic_core-2.46.0-cp313-cp313-manylinux_2_17_armv7l.manylinux2014_armv7l.whl", hash = "sha256:f14581aeb12e61542ce73b9bfef2bca5439d65d9ab3efe1a4d8e346b61838f9b", size = 2055284, upload-time = "2026-04-13T09:05:25.125Z" },
    { url = "https://files.pythonhosted.org/packages/58/cf/1e320acefbde7fb7158a9e5def55e0adf9a4634636098ce28dc6b978e0d3/pydantic_core-2.46.0-cp313-cp313-manylinux_2_17_ppc64le.manylinux2014_ppc64le.whl", hash = "sha256:c108067f2f7e190d0dbd81247d789ec41f9ea50ccd9265a3a46710796ac60530", size = 2238896, upload-time = "2026-04-13T09:05:01.345Z" },
    { url = "https://files.pythonhosted.org/packages/df/f5/ea8ba209756abe9eba891bb0ef3772b4c59a894eb9ad86cd5bd0dd4e3e52/pydantic_core-2.46.0-cp313-cp313-manylinux_2_17_s390x.manylinux2014_s390x.whl", hash = "sha256:1ac10967e9a7bb1b96697374513f9a1a90a59e2fb41566b5e00ee45392beac59", size = 2314353, upload-time = "2026-04-13T09:06:07.942Z" },
    { url = "https://files.pythonhosted.org/packages/e8/f8/5885350203b72e96438eee7f94de0d8f0442f4627237ca8ef75de34db1cd/pydantic_core-2.46.0-cp313-cp313-manylinux_2_17_x86_64.manylinux2014_x86_64.whl", hash = "sha256:7897078fe8a13b73623c0955dfb2b3d2c9acb7177aac25144758c9e5a5265aaa", size = 2098522, upload-time = "2026-04-13T09:04:23.239Z" },
    { url = "https://files.pythonhosted.org/packages/bf/88/5930b0e828e371db5a556dd3189565417ddc3d8316bb001058168aadcf5f/pydantic_core-2.46.0-cp313-cp313-manylinux_2_31_riscv64.whl", hash = "sha256:e69ce405510a419a082a78faed65bb4249cfb51232293cc675645c12f7379bf7", size = 2168757, upload-time = "2026-04-13T09:07:12.46Z" },
    { url = "https://files.pythonhosted.org/packages/da/75/63d563d3035a0548e721c38b5b69fd5626fdd51da0f09ff4467503915b82/pydantic_core-2.46.0-cp313-cp313-manylinux_2_5_i686.manylinux1_i686.whl", hash = "sha256:fd28d13eea0d8cf351dc1fe274b5070cc8e1cca2644381dee5f99de629e77cf3", size = 2202518, upload-time = "2026-04-13T09:05:44.418Z" },
    { url = "https://files.pythonhosted.org/packages/a7/53/1958eacbfddc41aadf5ae86dd85041bf054b675f34a2fa76385935f96070/pydantic_core-2.46.0-cp313-cp313-musllinux_1_1_aarch64.whl", hash = "sha256:ee1547a6b8243e73dd10f585555e5a263395e55ce6dea618a078570a1e889aef", size = 2190148, upload-time = "2026-04-13T09:06:56.151Z" },
    { url = "https://files.pythonhosted.org/packages/c7/17/098cc6d3595e4623186f2bc6604a6195eb182e126702a90517236391e9ce/pydantic_core-2.46.0-cp313-cp313-musllinux_1_1_armv7l.whl", hash = "sha256:c3dc68dcf62db22a18ddfc3ad4960038f72b75908edc48ae014d7ac8b391d57a", size = 2342925, upload-time = "2026-04-13T09:04:17.286Z" },
    { url = "https://files.pythonhosted.org/packages/71/a7/abdb924620b1ac535c690b36ad5b8871f376104090f8842c08625cecf1d3/pydantic_core-2.46.0-cp313-cp313-musllinux_1_1_x86_64.whl", hash = "sha256:004a2081c881abfcc6854a4623da6a09090a0d7c1398a6ae7133ca1256cee70b", size = 2383167, upload-time = "2026-04-13T09:04:52.643Z" },
    { url = "https://files.pythonhosted.org/packages/d7/c9/2ddd10f50e4b7350d2574629a0f53d8d4eb6573f9c19a6b43e6b1487a31d/pydantic_core-2.46.0-cp313-cp313-win32.whl", hash = "sha256:59d24ec8d5eaabad93097525a69d0f00f2667cb353eb6cda578b1cfff203ceef", size = 1965660, upload-time = "2026-04-13T09:06:05.877Z" },
    { url = "https://files.pythonhosted.org/packages/b5/e7/1efc38ed6f2680c032bcefa0e3ebd496a8c77e92dfdb86b07d0f2fc632b1/pydantic_core-2.46.0-cp313-cp313-win_amd64.whl", hash = "sha256:71186dad5ac325c64d68fe0e654e15fd79802e7cc42bc6f0ff822d5ad8b1ab25", size = 2069563, upload-time = "2026-04-13T09:07:14.738Z" },
    { url = "https://files.pythonhosted.org/packages/c3/1e/a325b4989e742bf7e72ed35fa124bc611fd76539c9f8cd2a9a7854473533/pydantic_core-2.46.0-cp313-cp313-win_arm64.whl", hash = "sha256:8e4503f3213f723842c9a3b53955c88a9cfbd0b288cbd1c1ae933aebeec4a1b4", size = 2034966, upload-time = "2026-04-13T09:04:21.629Z" },
    { url = "https://files.pythonhosted.org/packages/36/3b/914891d384cdbf9a6f464eb13713baa22ea1e453d4da80fb7da522079370/pydantic_core-2.46.0-cp314-cp314-macosx_10_12_x86_64.whl", hash = "sha256:4fc801c290342350ffc82d77872054a934b2e24163727263362170c1db5416ca", size = 2113349, upload-time = "2026-04-13T09:04:59.407Z" },
    { url = "https://files.pythonhosted.org/packages/35/95/3a0c6f65e231709fb3463e32943c69d10285cb50203a2130a4732053a06d/pydantic_core-2.46.0-cp314-cp314-macosx_11_0_arm64.whl", hash = "sha256:0a36f2cc88170cc177930afcc633a8c15907ea68b59ac16bd180c2999d714940", size = 1949170, upload-time = "2026-04-13T09:06:09.935Z" },
    { url = "https://files.pythonhosted.org/packages/d1/63/d845c36a608469fe7bee226edeff0984c33dbfe7aecd755b0e7ab5a275c4/pydantic_core-2.46.0-cp314-cp314-manylinux_2_17_aarch64.manylinux2014_aarch64.whl", hash = "sha256:2a3912e0c568a1f99d4d6d3e41def40179d61424c0ca1c8c87c4877d7f6fd7fb", size = 1977914, upload-time = "2026-04-13T09:04:56.16Z" },
    { url = "https://files.pythonhosted.org/packages/08/6f/f2e7a7f85931fb31671f5378d1c7fc70606e4b36d59b1b48e1bd1ef5d916/pydantic_core-2.46.0-cp314-cp314-manylinux_2_17_armv7l.manylinux2014_armv7l.whl", hash = "sha256:3534c3415ed1a19ab23096b628916a827f7858ec8db49ad5d7d1e44dc13c0d7b", size = 2050538, upload-time = "2026-04-13T09:05:06.789Z" },
    { url = "https://files.pythonhosted.org/packages/8c/97/f4aa7181dd9a16dd9059a99fc48fdab0c2aab68307283a5c04cf56de68c4/pydantic_core-2.46.0-cp314-cp314-manylinux_2_17_ppc64le.manylinux2014_ppc64le.whl", hash = "sha256:21067396fc285609323a4db2f63a87570044abe0acddfcca8b135fc7948e3db7", size = 2236294, upload-time = "2026-04-13T09:07:03.2Z" },
    { url = "https://files.pythonhosted.org/packages/24/c1/6a5042fc32765c87101b500f394702890af04239c318b6002cfd627b710d/pydantic_core-2.46.0-cp314-cp314-manylinux_2_17_s390x.manylinux2014_s390x.whl", hash = "sha256:2afd85b7be186e2fe7cdbb09a3d964bcc2042f65bbcc64ad800b3c7915032655", size = 2312954, upload-time = "2026-04-13T09:06:11.919Z" },
    { url = "https://files.pythonhosted.org/packages/cb/e4/566101a561492ce8454f0844ca29c3b675a6b3a7b3ff577db85ed05c8c50/pydantic_core-2.46.0-cp314-cp314-manylinux_2_17_x86_64.manylinux2014_x86_64.whl", hash = "sha256:67e2c2e171b78db8154da602de72ffdc473c6ee51de8a9d80c0f1cd4051abfc7", size = 2102533, upload-time = "2026-04-13T09:06:58.664Z" },
    { url = "https://files.pythonhosted.org/packages/3e/ac/adc11ee1646a5c4dd9abb09a00e7909e6dc25beddc0b1310ca734bb9b48e/pydantic_core-2.46.0-cp314-cp314-manylinux_2_31_riscv64.whl", hash = "sha256:c16ae1f3170267b1a37e16dba5c297bdf60c8b5657b147909ca8774ce7366644", size = 2169447, upload-time = "2026-04-13T09:04:11.143Z" },
    { url = "https://files.pythonhosted.org/packages/26/73/408e686b45b82d28ac19e8229e07282254dbee6a5d24c5c7cf3cf3716613/pydantic_core-2.46.0-cp314-cp314-manylinux_2_5_i686.manylinux1_i686.whl", hash = "sha256:133b69e1c1ba34d3702eed73f19f7f966928f9aa16663b55c2ebce0893cca42e", size = 2200672, upload-time = "2026-04-13T09:03:54.056Z" },
    { url = "https://files.pythonhosted.org/packages/0a/3b/807d5b035ec891b57b9079ce881f48263936c37bd0d154a056e7fd152afb/pydantic_core-2.46.0-cp314-cp314-musllinux_1_1_aarch64.whl", hash = "sha256:15ed8e5bde505133d96b41702f31f06829c46b05488211a5b1c7877e11de5eb5", size = 2188293, upload-time = "2026-04-13T09:07:07.614Z" },
    { url = "https://files.pythonhosted.org/packages/f1/ed/719b307516285099d1196c52769fdbe676fd677da007b9c349ae70b7226d/pydantic_core-2.46.0-cp314-cp314-musllinux_1_1_armv7l.whl", hash = "sha256:8cfc29a1c66a7f0fcb36262e92f353dd0b9c4061d558fceb022e698a801cb8ae", size = 2335023, upload-time = "2026-04-13T09:04:05.176Z" },
    { url = "https://files.pythonhosted.org/packages/8d/90/8718e4ae98c4e8a7325afdc079be82be1e131d7a47cb6c098844a9531ffe/pydantic_core-2.46.0-cp314-cp314-musllinux_1_1_x86_64.whl", hash = "sha256:e1155708540f13845bf68d5ac511a55c76cfe2e057ed12b4bf3adac1581fc5c2", size = 2377155, upload-time = "2026-04-13T09:06:18.081Z" },
    { url = "https://files.pythonhosted.org/packages/dd/dc/7172789283b963f81da2fc92b186e22de55687019079f71c4d570822502b/pydantic_core-2.46.0-cp314-cp314-win32.whl", hash = "sha256:de5635a48df6b2eef161d10ea1bc2626153197333662ba4cd700ee7ec1aba7f5", size = 1963078, upload-time = "2026-04-13T09:05:30.615Z" },
    { url = "https://files.pythonhosted.org/packages/e0/69/03a7ea4b6264def3a44eabf577528bcec2f49468c5698b2044dea54dc07e/pydantic_core-2.46.0-cp314-cp314-win_amd64.whl", hash = "sha256:f07a5af60c5e7cf53dd1ff734228bd72d0dc9938e64a75b5bb308ca350d9681e", size = 2068439, upload-time = "2026-04-13T09:04:57.729Z" },
    { url = "https://files.pythonhosted.org/packages/f5/eb/1c3afcfdee2ab6634b802ab0a0f1966df4c8b630028ec56a1cb0a710dc58/pydantic_core-2.46.0-cp314-cp314-win_arm64.whl", hash = "sha256:e7a77eca3c7d5108ff509db20aae6f80d47c7ed7516d8b96c387aacc42f3ce0f", size = 2026470, upload-time = "2026-04-13T09:05:08.654Z" },
    { url = "https://files.pythonhosted.org/packages/5c/30/1177dde61b200785c4739665e3aa03a9d4b2c25d2d0408b07d585e633965/pydantic_core-2.46.0-cp314-cp314t-macosx_10_12_x86_64.whl", hash = "sha256:5e7cdd4398bee1aaeafe049ac366b0f887451d9ae418fd8785219c13fea2f928", size = 2107447, upload-time = "2026-04-13T09:05:46.314Z" },
    { url = "https://files.pythonhosted.org/packages/b1/60/4e0f61f99bdabbbc309d364a2791e1ba31e778a4935bc43391a7bdec0744/pydantic_core-2.46.0-cp314-cp314t-macosx_11_0_arm64.whl", hash = "sha256:5c2c92d82808e27cef3f7ab3ed63d657d0c755e0dbe5b8a58342e37bdf09bd2e", size = 1926927, upload-time = "2026-04-13T09:06:20.371Z" },
    { url = "https://files.pythonhosted.org/packages/1d/d0/67f89a8269152c1d6eaa81f04e75a507372ebd8ca7382855a065222caa80/pydantic_core-2.46.0-cp314-cp314t-manylinux_2_17_aarch64.manylinux2014_aarch64.whl", hash = "sha256:0bab80af91cd7014b45d1089303b5f844a9d91d7da60eabf3d5f9694b32a6655", size = 1966613, upload-time = "2026-04-13T09:07:05.389Z" },
    { url = "https://files.pythonhosted.org/packages/cd/07/8dfdc3edc78f29a80fb31f366c50203ec904cff6a4c923599bf50ac0d0ff/pydantic_core-2.46.0-cp314-cp314t-manylinux_2_17_armv7l.manylinux2014_armv7l.whl", hash = "sha256:1e49ffdb714bc990f00b39d1ad1d683033875b5af15582f60c1f34ad3eeccfaa", size = 2032902, upload-time = "2026-04-13T09:06:42.47Z" },
    { url = "https://files.pythonhosted.org/packages/b0/2a/111c5e8fe24f99c46bcad7d3a82a8f6dbc738066e2c72c04c71f827d8c78/pydantic_core-2.46.0-cp314-cp314t-manylinux_2_17_ppc64le.manylinux2014_ppc64le.whl", hash = "sha256:ca877240e8dbdeef3a66f751dc41e5a74893767d510c22a22fc5c0199844f0ce", size = 2244456, upload-time = "2026-04-13T09:05:36.484Z" },
    { url = "https://files.pythonhosted.org/packages/6b/7c/cfc5d11c15a63ece26e148572c77cfbb2c7f08d315a7b63ef0fe0711d753/pydantic_core-2.46.0-cp314-cp314t-manylinux_2_17_s390x.manylinux2014_s390x.whl", hash = "sha256:87e6843f89ecd2f596d7294e33196c61343186255b9880c4f1b725fde8b0e20d", size = 2294535, upload-time = "2026-04-13T09:06:01.689Z" },
    { url = "https://files.pythonhosted.org/packages/c4/2c/f0d744e3dab7bd026a3f4670a97a295157cff923a2666d30a15a70a7e3d0/pydantic_core-2.46.0-cp314-cp314t-manylinux_2_17_x86_64.manylinux2014_x86_64.whl", hash = "sha256:e20bc5add1dd9bc3b9a3600d40632e679376569098345500799a6ad7c5d46c72", size = 2104621, upload-time = "2026-04-13T09:04:34.388Z" },
    { url = "https://files.pythonhosted.org/packages/a7/64/e7cc4698dc024264d214b51d5a47a2404221b12060dd537d76f831b2120a/pydantic_core-2.46.0-cp314-cp314t-manylinux_2_31_riscv64.whl", hash = "sha256:ee6ff79a5f0289d64a9d6696a3ce1f98f925b803dd538335a118231e26d6d827", size = 2130718, upload-time = "2026-04-13T09:04:26.23Z" },
    { url = "https://files.pythonhosted.org/packages/0b/a8/224e655fec21f7d4441438ad2ecaccb33b5a3876ce7bb2098c74a49efc14/pydantic_core-2.46.0-cp314-cp314t-manylinux_2_5_i686.manylinux1_i686.whl", hash = "sha256:52d35cfb58c26323101c7065508d7bb69bb56338cda9ea47a7b32be581af055d", size = 2180738, upload-time = "2026-04-13T09:05:50.253Z" },
    { url = "https://files.pythonhosted.org/packages/32/7b/b3025618ed4c4e4cbaa9882731c19625db6669896b621760ea95bc1125ef/pydantic_core-2.46.0-cp314-cp314t-musllinux_1_1_aarch64.whl", hash = "sha256:d14cc5a6f260fa78e124061eebc5769af6534fc837e9a62a47f09a2c341fa4ea", size = 2171222, upload-time = "2026-04-13T09:07:29.929Z" },
    { url = "https://files.pythonhosted.org/packages/7b/e3/68170aa1d891920af09c1f2f34df61dc5ff3a746400027155523e3400e89/pydantic_core-2.46.0-cp314-cp314t-musllinux_1_1_armv7l.whl", hash = "sha256:4f7ff859d663b6635f6307a10803d07f0d09487e16c3d36b1744af51dbf948b2", size = 2320040, upload-time = "2026-04-13T09:06:35.732Z" },
    { url = "https://files.pythonhosted.org/packages/67/1b/5e65807001b84972476300c1f49aea2b4971b7e9fffb5c2654877dadd274/pydantic_core-2.46.0-cp314-cp314t-musllinux_1_1_x86_64.whl", hash = "sha256:8ef749be6ed0d69dba31902aaa8255a9bb269ae50c93888c4df242d8bb7acd9e", size = 2377062, upload-time = "2026-04-13T09:07:39.945Z" },
    { url = "https://files.pythonhosted.org/packages/75/03/48caa9dd5f28f7662bd52bff454d9a451f6b7e5e4af95e289e5e170749c9/pydantic_core-2.46.0-cp314-cp314t-win32.whl", hash = "sha256:d93ca72870133f86360e4bb0c78cd4e6ba2a0f9f3738a6486909ffc031463b32", size = 1951028, upload-time = "2026-04-13T09:04:20.224Z" },
    { url = "https://files.pythonhosted.org/packages/87/ed/e97ff55fe28c0e6e3cba641d622b15e071370b70e5f07c496b07b65db7c9/pydantic_core-2.46.0-cp314-cp314t-win_amd64.whl", hash = "sha256:6ebb2668afd657e2127cb40f2ceb627dd78e74e9dfde14d9bf6cdd532a29ff59", size = 2048519, upload-time = "2026-04-13T09:05:10.464Z" },
    { url = "https://files.pythonhosted.org/packages/b6/51/e0db8267a287994546925f252e329eeae4121b1e77e76353418da5a3adf0/pydantic_core-2.46.0-cp314-cp314t-win_arm64.whl", hash = "sha256:4864f5bbb7993845baf9209bae1669a8a76769296a018cb569ebda9dcb4241f5", size = 2026791, upload-time = "2026-04-13T09:04:37.724Z" },
]

[[package]]
name = "pygments"
version = "2.19.2"
source = { registry = "https://pypi.org/simple" }
sdist = { url = "https://files.pythonhosted.org/packages/b0/77/a5b8c569bf593b0140bde72ea885a803b82086995367bf2037de0159d924/pygments-2.19.2.tar.gz", hash = "sha256:636cb2477cec7f8952536970bc533bc43743542f70392ae026374600add5b887", size = 4968631, upload-time = "2025-06-21T13:39:12.283Z" }
wheels = [
    { url = "https://files.pythonhosted.org/packages/c7/21/705964c7812476f378728bdf590ca4b771ec72385c533964653c68e86bdc/pygments-2.19.2-py3-none-any.whl", hash = "sha256:86540386c03d588bb81d44bc3928634ff26449851e99741617ecb9037ee5ec0b", size = 1225217, upload-time = "2025-06-21T13:39:07.939Z" },
]

[[package]]
name = "pytest"
version = "9.0.2"
source = { registry = "https://pypi.org/simple" }
dependencies = [
    { name = "colorama", marker = "sys_platform == 'win32'" },
    { name = "iniconfig" },
    { name = "packaging" },
    { name = "pluggy" },
    { name = "pygments" },
]
sdist = { url = "https://files.pythonhosted.org/packages/d1/db/7ef3487e0fb0049ddb5ce41d3a49c235bf9ad299b6a25d5780a89f19230f/pytest-9.0.2.tar.gz", hash = "sha256:75186651a92bd89611d1d9fc20f0b4345fd827c41ccd5c299a868a05d70edf11", size = 1568901, upload-time = "2025-12-06T21:30:51.014Z" }
wheels = [
    { url = "https://files.pythonhosted.org/packages/3b/ab/b3226f0bd7cdcf710fbede2b3548584366da3b19b5021e74f5bde2a8fa3f/pytest-9.0.2-py3-none-any.whl", hash = "sha256:711ffd45bf766d5264d487b917733b453d917afd2b0ad65223959f59089f875b", size = 374801, upload-time = "2025-12-06T21:30:49.154Z" },
]

[[package]]
name = "pytest-asyncio"
version = "1.3.0"
source = { registry = "https://pypi.org/simple" }
dependencies = [
    { name = "pytest" },
]
sdist = { url = "https://files.pythonhosted.org/packages/90/2c/8af215c0f776415f3590cac4f9086ccefd6fd463befeae41cd4d3f193e5a/pytest_asyncio-1.3.0.tar.gz", hash = "sha256:d7f52f36d231b80ee124cd216ffb19369aa168fc10095013c6b014a34d3ee9e5", size = 50087, upload-time = "2025-11-10T16:07:47.256Z" }
wheels = [
    { url = "https://files.pythonhosted.org/packages/e5/35/f8b19922b6a25bc0880171a2f1a003eaeb93657475193ab516fd87cac9da/pytest_asyncio-1.3.0-py3-none-any.whl", hash = "sha256:611e26147c7f77640e6d0a92a38ed17c3e9848063698d5c93d5aa7aa11cebff5", size = 15075, upload-time = "2025-11-10T16:07:45.537Z" },
]

[[package]]
name = "requests"
version = "2.32.5"
source = { registry = "https://pypi.org/simple" }
dependencies = [
    { name = "certifi" },
    { name = "charset-normalizer" },
    { name = "idna" },
    { name = "urllib3" },
]
sdist = { url = "https://files.pythonhosted.org/packages/c9/74/b3ff8e6c8446842c3f5c837e9c3dfcfe2018ea6ecef224c710c85ef728f4/requests-2.32.5.tar.gz", hash = "sha256:dbba0bac56e100853db0ea71b82b4dfd5fe2bf6d3754a8893c3af500cec7d7cf", size = 134517, upload-time = "2025-08-18T20:46:02.573Z" }
wheels = [
    { url = "https://files.pythonhosted.org/packages/1e/db/4254e3eabe8020b458f1a747140d32277ec7a271daf1d235b70dc0b4e6e3/requests-2.32.5-py3-none-any.whl", hash = "sha256:2462f94637a34fd532264295e186976db0f5d453d1cdd31473c85a6a161affb6", size = 64738, upload-time = "2025-08-18T20:46:00.542Z" },
]

[[package]]
name = "ruff"
version = "0.15.5"
source = { registry = "https://pypi.org/simple" }
sdist = { url = "https://files.pythonhosted.org/packages/77/9b/840e0039e65fcf12758adf684d2289024d6140cde9268cc59887dc55189c/ruff-0.15.5.tar.gz", hash = "sha256:7c3601d3b6d76dce18c5c824fc8d06f4eef33d6df0c21ec7799510cde0f159a2", size = 4574214, upload-time = "2026-03-05T20:06:34.946Z" }
wheels = [
    { url = "https://files.pythonhosted.org/packages/47/20/5369c3ce21588c708bcbe517a8fbe1a8dfdb5dfd5137e14790b1da71612c/ruff-0.15.5-py3-none-linux_armv6l.whl", hash = "sha256:4ae44c42281f42e3b06b988e442d344a5b9b72450ff3c892e30d11b29a96a57c", size = 10478185, upload-time = "2026-03-05T20:06:29.093Z" },
    { url = "https://files.pythonhosted.org/packages/44/ed/e81dd668547da281e5dce710cf0bc60193f8d3d43833e8241d006720e42b/ruff-0.15.5-py3-none-macosx_10_12_x86_64.whl", hash = "sha256:6edd3792d408ebcf61adabc01822da687579a1a023f297618ac27a5b51ef0080", size = 10859201, upload-time = "2026-03-05T20:06:32.632Z" },
    { url = "https://files.pythonhosted.org/packages/c4/8f/533075f00aaf19b07c5cd6aa6e5d89424b06b3b3f4583bfa9c640a079059/ruff-0.15.5-py3-none-macosx_11_0_arm64.whl", hash = "sha256:89f463f7c8205a9f8dea9d658d59eff49db05f88f89cc3047fb1a02d9f344010", size = 10184752, upload-time = "2026-03-05T20:06:40.312Z" },
    { url = "https://files.pythonhosted.org/packages/66/0e/ba49e2c3fa0395b3152bad634c7432f7edfc509c133b8f4529053ff024fb/ruff-0.15.5-py3-none-manylinux_2_17_aarch64.manylinux2014_aarch64.whl", hash = "sha256:ba786a8295c6574c1116704cf0b9e6563de3432ac888d8f83685654fe528fd65", size = 10534857, upload-time = "2026-03-05T20:06:19.581Z" },
    { url = "https://files.pythonhosted.org/packages/59/71/39234440f27a226475a0659561adb0d784b4d247dfe7f43ffc12dd02e288/ruff-0.15.5-py3-none-manylinux_2_17_armv7l.manylinux2014_armv7l.whl", hash = "sha256:fd4b801e57955fe9f02b31d20375ab3a5c4415f2e5105b79fb94cf2642c91440", size = 10309120, upload-time = "2026-03-05T20:06:00.435Z" },
    { url = "https://files.pythonhosted.org/packages/f5/87/4140aa86a93df032156982b726f4952aaec4a883bb98cb6ef73c347da253/ruff-0.15.5-py3-none-manylinux_2_17_i686.manylinux2014_i686.whl", hash = "sha256:391f7c73388f3d8c11b794dbbc2959a5b5afe66642c142a6effa90b45f6f5204", size = 11047428, upload-time = "2026-03-05T20:05:51.867Z" },
    { url = "https://files.pythonhosted.org/packages/5a/f7/4953e7e3287676f78fbe85e3a0ca414c5ca81237b7575bdadc00229ac240/ruff-0.15.5-py3-none-manylinux_2_17_ppc64le.manylinux2014_ppc64le.whl", hash = "sha256:8dc18f30302e379fe1e998548b0f5e9f4dff907f52f73ad6da419ea9c19d66c8", size = 11914251, upload-time = "2026-03-05T20:06:22.887Z" },
    { url = "https://files.pythonhosted.org/packages/77/46/0f7c865c10cf896ccf5a939c3e84e1cfaeed608ff5249584799a74d33835/ruff-0.15.5-py3-none-manylinux_2_17_s390x.manylinux2014_s390x.whl", hash = "sha256:1cc6e7f90087e2d27f98dc34ed1b3ab7c8f0d273cc5431415454e22c0bd2a681", size = 11333801, upload-time = "2026-03-05T20:05:57.168Z" },
    { url = "https://files.pythonhosted.org/packages/d3/01/a10fe54b653061585e655f5286c2662ebddb68831ed3eaebfb0eb08c0a16/ruff-0.15.5-py3-none-manylinux_2_17_x86_64.manylinux2014_x86_64.whl", hash = "sha256:c1cb7169f53c1ddb06e71a9aebd7e98fc0fea936b39afb36d8e86d36ecc2636a", size = 11206821, upload-time = "2026-03-05T20:06:03.441Z" },
    { url = "https://files.pythonhosted.org/packages/7a/0d/2132ceaf20c5e8699aa83da2706ecb5c5dcdf78b453f77edca7fb70f8a93/ruff-0.15.5-py3-none-manylinux_2_31_riscv64.whl", hash = "sha256:9b037924500a31ee17389b5c8c4d88874cc6ea8e42f12e9c61a3d754ff72f1ca", size = 11133326, upload-time = "2026-03-05T20:06:25.655Z" },
    { url = "https://files.pythonhosted.org/packages/72/cb/2e5259a7eb2a0f87c08c0fe5bf5825a1e4b90883a52685524596bfc93072/ruff-0.15.5-py3-none-musllinux_1_2_aarch64.whl", hash = "sha256:65bb414e5b4eadd95a8c1e4804f6772bbe8995889f203a01f77ddf2d790929dd", size = 10510820, upload-time = "2026-03-05T20:06:37.79Z" },
    { url = "https://files.pythonhosted.org/packages/ff/20/b67ce78f9e6c59ffbdb5b4503d0090e749b5f2d31b599b554698a80d861c/ruff-0.15.5-py3-none-musllinux_1_2_armv7l.whl", hash = "sha256:d20aa469ae3b57033519c559e9bc9cd9e782842e39be05b50e852c7c981fa01d", size = 10302395, upload-time = "2026-03-05T20:05:54.504Z" },
    { url = "https://files.pythonhosted.org/packages/5f/e5/719f1acccd31b720d477751558ed74e9c88134adcc377e5e886af89d3072/ruff-0.15.5-py3-none-musllinux_1_2_i686.whl", hash = "sha256:15388dd28c9161cdb8eda68993533acc870aa4e646a0a277aa166de9ad5a8752", size = 10754069, upload-time = "2026-03-05T20:06:06.422Z" },
    { url = "https://files.pythonhosted.org/packages/c3/9c/d1db14469e32d98f3ca27079dbd30b7b44dbb5317d06ab36718dee3baf03/ruff-0.15.5-py3-none-musllinux_1_2_x86_64.whl", hash = "sha256:b30da330cbd03bed0c21420b6b953158f60c74c54c5f4c1dabbdf3a57bf355d2", size = 11304315, upload-time = "2026-03-05T20:06:10.867Z" },
    { url = "https://files.pythonhosted.org/packages/28/3a/950367aee7c69027f4f422059227b290ed780366b6aecee5de5039d50fa8/ruff-0.15.5-py3-none-win32.whl", hash = "sha256:732e5ee1f98ba5b3679029989a06ca39a950cced52143a0ea82a2102cb592b74", size = 10551676, upload-time = "2026-03-05T20:06:13.705Z" },
    { url = "https://files.pythonhosted.org/packages/b8/00/bf077a505b4e649bdd3c47ff8ec967735ce2544c8e4a43aba42ee9bf935d/ruff-0.15.5-py3-none-win_amd64.whl", hash = "sha256:821d41c5fa9e19117616c35eaa3f4b75046ec76c65e7ae20a333e9a8696bc7fe", size = 11678972, upload-time = "2026-03-05T20:06:45.379Z" },
    { url = "https://files.pythonhosted.org/packages/fe/4e/cd76eca6db6115604b7626668e891c9dd03330384082e33662fb0f113614/ruff-0.15.5-py3-none-win_arm64.whl", hash = "sha256:b498d1c60d2fe5c10c45ec3f698901065772730b411f164ae270bb6bfcc4740b", size = 10965572, upload-time = "2026-03-05T20:06:16.984Z" },
]

[[package]]
name = "six"
version = "1.17.0"
source = { registry = "https://pypi.org/simple" }
sdist = { url = "https://files.pythonhosted.org/packages/94/e7/b2c673351809dca68a0e064b6af791aa332cf192da575fd474ed7d6f16a2/six-1.17.0.tar.gz", hash = "sha256:ff70335d468e7eb6ec65b95b99d3a2836546063f63acc5171de367e834932a81", size = 34031, upload-time = "2024-12-04T17:35:28.174Z" }
wheels = [
    { url = "https://files.pythonhosted.org/packages/b7/ce/149a00dd41f10bc29e5921b496af8b574d8413afcd5e30dfa0ed46c2cc5e/six-1.17.0-py2.py3-none-any.whl", hash = "sha256:4721f391ed90541fddacab5acf947aa0d3dc7d27b2e1e8eda2be8970586c3274", size = 11050, upload-time = "2024-12-04T17:35:26.475Z" },
]

[[package]]
name = "typing-extensions"
version = "4.14.1"
source = { registry = "https://pypi.org/simple" }
sdist = { url = "https://files.pythonhosted.org/packages/98/5a/da40306b885cc8c09109dc2e1abd358d5684b1425678151cdaed4731c822/typing_extensions-4.14.1.tar.gz", hash = "sha256:38b39f4aeeab64884ce9f74c94263ef78f3c22467c8724005483154c26648d36", size = 107673, upload-time = "2025-07-04T13:28:34.16Z" }
wheels = [
    { url = "https://files.pythonhosted.org/packages/b5/00/d631e67a838026495268c2f6884f3711a15a9a2a96cd244fdaea53b823fb/typing_extensions-4.14.1-py3-none-any.whl", hash = "sha256:d1e1e3b58374dc93031d6eda2420a48ea44a36c2b4766a4fdeb3710755731d76", size = 43906, upload-time = "2025-07-04T13:28:32.743Z" },
]

[[package]]
name = "typing-inspection"
version = "0.4.2"
source = { registry = "https://pypi.org/simple" }
dependencies = [
    { name = "typing-extensions" },
]
sdist = { url = "https://files.pythonhosted.org/packages/55/e3/70399cb7dd41c10ac53367ae42139cf4b1ca5f36bb3dc6c9d33acdb43655/typing_inspection-0.4.2.tar.gz", hash = "sha256:ba561c48a67c5958007083d386c3295464928b01faa735ab8547c5692e87f464", size = 75949, upload-time = "2025-10-01T02:14:41.687Z" }
wheels = [
    { url = "https://files.pythonhosted.org/packages/dc/9b/47798a6c91d8bdb567fe2698fe81e0c6b7cb7ef4d13da4114b41d239f65d/typing_inspection-0.4.2-py3-none-any.whl", hash = "sha256:4ed1cacbdc298c220f1bd249ed5287caa16f34d44ef4e9c3d0cbad5b521545e7", size = 14611, upload-time = "2025-10-01T02:14:40.154Z" },
]

[[package]]
name = "urllib3"
version = "2.5.0"
source = { registry = "https://pypi.org/simple" }
sdist = { url = "https://files.pythonhosted.org/packages/15/22/9ee70a2574a4f4599c47dd506532914ce044817c7752a79b6a51286319bc/urllib3-2.5.0.tar.gz", hash = "sha256:3fc47733c7e419d4bc3f6b3dc2b4f890bb743906a30d56ba4a5bfa4bbff92760", size = 393185, upload-time = "2025-06-18T14:07:41.644Z" }
wheels = [
    { url = "https://files.pythonhosted.org/packages/a7/c2/fe1e52489ae3122415c51f387e221dd0773709bad6c6cdaa599e8a2c5185/urllib3-2.5.0-py3-none-any.whl", hash = "sha256:e6b01673c0fa6a13e374b50871808eb3bf7046c4b125b216f6bf1cc604cff0dc", size = 129795, upload-time = "2025-06-18T14:07:40.39Z" },
]

[[package]]
name = "wyoming"
version = "1.8.0"
source = { registry = "https://pypi.org/simple" }
sdist = { url = "https://files.pythonhosted.org/packages/c5/ab/8984e755731fac96405b3ecc2236887855120afb9760f829291bd618c26d/wyoming-1.8.0.tar.gz", hash = "sha256:90c16c9fb7e90cbce277032806b7816e6c631812393206a73298f4ad4ffcdb76", size = 37388, upload-time = "2025-10-10T20:49:43.151Z" }
wheels = [
    { url = "https://files.pythonhosted.org/packages/70/b3/8fbcbd8b6587cb33a7deafc5f20a1ec96ee40e8f7a9c2eccc1982a4e0f06/wyoming-1.8.0-py3-none-any.whl", hash = "sha256:1bbd9fb2af1fcc7dc8d397821438ff89173d2aed33f1092c62aae0b3ce6d168d", size = 39282, upload-time = "2025-10-10T20:49:41.911Z" },
]

[[package]]
name = "wyoming-microsoft-stt"
version = "1.3.9"
source = { virtual = "." }
dependencies = [
    { name = "azure-cognitiveservices-speech" },
    { name = "pydantic" },
    { name = "wyoming" },
]

[package.dev-dependencies]
dev = [
    { name = "pytest" },
    { name = "pytest-asyncio" },
    { name = "ruff" },
]

[package.metadata]
requires-dist = [
    { name = "azure-cognitiveservices-speech", specifier = ">=1.46.0" },
    { name = "pydantic", specifier = ">=2.11.7" },
    { name = "wyoming", specifier = ">=1.7.2" },
]

[package.metadata.requires-dev]
dev = [
    { name = "pytest", specifier = ">=8.4.1" },
    { name = "pytest-asyncio", specifier = ">=1.1.0" },
    { name = "ruff", specifier = ">=0.12.10" },
]
